
Microsoft Visual Studio Solution File, Format Version 11.00
# Visual Studio 2010
Project("{FAE04EC0-301F-11D3-BF4B-00C04F79EFBC}") = "SayHello", "SayHello\SayHello.csproj", "{F322F4B8-5DEC-406F-B6CB-9BB21DAE7A65}"
EndProject
Project("{FAE04EC0-301F-11D3-BF4B-00C04F79EFBC}") = "Petzold.HandleAnEvent", "Petzold.HandleAnEvent\Petzold.HandleAnEvent.csproj", "{812957FA-3010-49FB-AAB6-ABCDA85307C2}"
EndProject
Project("{FAE04EC0-301F-11D3-BF4B-00C04F79EFBC}") = "Petzold.InheritTheApp", "Project1\Petzold.InheritTheApp.csproj", "{84CF3442-DD45-4B78-91E4-9948F9138316}"
EndProject
Project("{FAE04EC0-301F-11D3-BF4B-00C04F79EFBC}") = "Petzold.ThrowWindowParty", "Project2\Petzold.ThrowWindowParty.csproj", "{1205921F-0F45-4EB8-8DD0-BB3BBE00009B}"
EndProject
Project("{FAE04EC0-301F-11D3-BF4B-00C04F79EFBC}") = "Petzold.InheritAppAndWindow", "Petzold.InheritAppAndWindow\Petzold.InheritAppAndWindow.csproj", "{7B1FCD23-79D1-4058-A2CA-CBBAAAB8B572}"
EndProject
Project("{FAE04EC0-301F-11D3-BF4B-00C04F79EFBC}") = "GrowAndShrink", "GrowAndShrink\GrowAndShrink.csproj", "{7EE5C344-E918-4400-B614-EB955DFB114D}"
EndProject
Project("{FAE04EC0-301F-11D3-BF4B-00C04F79EFBC}") = "Petzhold.TypeYourTitle", "TypeYourTitle\Petzhold.TypeYourTitle.csproj", "{A104DFC0-B59C-459D-9D02-AFFA0BE74234}"
EndProject
Project("{FAE04EC0-301F-11D3-BF4B-00C04F79EFBC}") = "Petzold.VaryTheBackground", "Petzold.VaryTheBackground\Petzold.VaryTheBackground.csproj", "{3112BFB3-1861-4FB7-B735-E5271C41BFCF}"
EndProject
Project("{FAE04EC0-301F-11D3-BF4B-00C04F79EFBC}") = "Petzold.FlipThroughtTheBrushes", "Petzold.FlipThroughtTheBrushes\Petzold.FlipThroughtTheBrushes.csproj", "{AEE1AC83-C16C-4AE4-B625-64FA55D91B09}"
EndProject
Project("{FAE04EC0-301F-11D3-BF4B-00C04F79EFBC}") = "Petzold.GradientTheBrush", "Petzold.GradientTheBrush\Petzold.GradientTheBrush.csproj", "{781210BB-54AB-431D-81BA-F64E9BF2E015}"
EndProject
Project("{FAE04EC0-301F-11D3-BF4B-00C04F79EFBC}") = "Petzold.AdjustTheGradient", "Petzold.AdjustTheGradient\Petzold.AdjustTheGradient.csproj", "{F3127646-1C12-4674-B8E4-51C2E9423643}"
EndProject
Project("{FAE04EC0-301F-11D3-BF4B-00C04F79EFBC}") = "Petzold.FollowTheRainbow", "Petzold.FollowTheRainbow\Petzold.FollowTheRainbow.csproj", "{C93213FD-6F4A-4B6E-BBC6-FFCC12219750}"
EndProject
Project("{FAE04EC0-301F-11D3-BF4B-00C04F79EFBC}") = "Petzold.ClickTheGradientCenter", "Petzold.ClickTheGradientCenter\Petzold.ClickTheGradientCenter.csproj", "{FFDC8ECD-6F31-4E28-AF30-8860E3CB6394}"
EndProject
Project("{FAE04EC0-301F-11D3-BF4B-00C04F79EFBC}") = "Petzold.RotateTheGradientOrigin", "Petzold.RotateTheGradientOrigin\Petzold.RotateTheGradientOrigin.csproj", "{0E4E5C47-E8AB-4085-8517-E129EBC90F07}"
EndProject
Project("{2150E333-8FDC-42A3-9474-1A3956D46DE8}") = "01-2", "01-2", "{CB441497-027D-4089-AEF1-DE47B0AF0B3E}"
EndProject
Project("{2150E333-8FDC-42A3-9474-1A3956D46DE8}") = "03 Soderzimoe", "03 Soderzimoe", "{49672056-5A85-4EBE-A6DB-CAD036FEE09D}"
EndProject
Project("{FAE04EC0-301F-11D3-BF4B-00C04F79EFBC}") = "Petzold.DisplaySomeText", "Petzold.DisplaySomeText\Petzold.DisplaySomeText.csproj", "{F1249528-E319-4962-A811-30BC6FC44126}"
EndProject
Project("{FAE04EC0-301F-11D3-BF4B-00C04F79EFBC}") = "Petzold.RecordKeyStrokes", "Petzold.RecordKeyStrokes\Petzold.RecordKeyStrokes.csproj", "{13D4B6FA-95DD-4033-AFB5-76B1524401FD}"
EndProject
Project("{FAE04EC0-301F-11D3-BF4B-00C04F79EFBC}") = "Petzold.ShowMyFace", "Petzold.ShowMyFace\Petzold.ShowMyFace.csproj", "{A9F99193-88BF-43E6-B9CA-96FEAD0C5618}"
EndProject
Project("{FAE04EC0-301F-11D3-BF4B-00C04F79EFBC}") = "Petzold.ShapeAnEllipse", "Petzold.ShapeAnEllipse\Petzold.ShapeAnEllipse.csproj", "{F7AF5E6C-7984-4D70-A012-46CD2853F993}"
EndProject
Project("{FAE04EC0-301F-11D3-BF4B-00C04F79EFBC}") = "Petzold.FormatTheText", "Petzold.FormatTheText\Petzold.FormatTheText.csproj", "{3DD9F14A-0817-4DB4-8A6F-53F9DE3520B8}"
EndProject
Project("{FAE04EC0-301F-11D3-BF4B-00C04F79EFBC}") = "Petzold.ToggleBoldAndItalic", "Petzold.ToggleBoldAndItalic\Petzold.ToggleBoldAndItalic.csproj", "{6CD22768-7D7E-43CF-871D-D190361227EB}"
EndProject
Project("{FAE04EC0-301F-11D3-BF4B-00C04F79EFBC}") = "Petzold.SimpleEllipse", "Petzold.SimpleEllipse\Petzold.SimpleEllipse.csproj", "{0330FBAC-18E7-4B61-9AD8-CCB0FD625E6A}"
EndProject
Project("{2150E333-8FDC-42A3-9474-1A3956D46DE8}") = "04 Buttons and other", "04 Buttons and other", "{9AD4B337-D60F-4785-A2AA-D08CC3E5899D}"
EndProject
Project("{FAE04EC0-301F-11D3-BF4B-00C04F79EFBC}") = "Petzold.ClickTheButtons", "Petzold.ClickTheButtons\Petzold.ClickTheButtons.csproj", "{AD2C037F-92C4-4CD9-A400-D6D9E8FB875D}"
EndProject
Project("{FAE04EC0-301F-11D3-BF4B-00C04F79EFBC}") = "Petzold.FormatTheButton", "Petzold.FormatTheButton\Petzold.FormatTheButton.csproj", "{6FD63B24-DA5C-4E36-8A25-1B9FBB88344A}"
EndProject
Project("{FAE04EC0-301F-11D3-BF4B-00C04F79EFBC}") = "Petzold.ImageTheButton", "Petzold.ImageTheButton\Petzold.ImageTheButton.csproj", "{5C989A72-46BB-4977-8F8C-B31FEDBDD26B}"
EndProject
Project("{FAE04EC0-301F-11D3-BF4B-00C04F79EFBC}") = "Petzold.CommandTheButton", "Petzold.CommandTheButton\Petzold.CommandTheButton.csproj", "{7806ABEC-3CB9-42F7-A6EF-C38B63DDF7D7}"
EndProject
Project("{FAE04EC0-301F-11D3-BF4B-00C04F79EFBC}") = "Petzold.ToggleTheButton", "Petzold.ToggleTheButton\Petzold.ToggleTheButton.csproj", "{CF61182A-D19C-4011-9F66-ED0E59FFDDA3}"
EndProject
Project("{FAE04EC0-301F-11D3-BF4B-00C04F79EFBC}") = "Petzold.BindTheButton", "Petzold.BindTheButton\Petzold.BindTheButton.csproj", "{36E7C956-6447-40B4-B244-C25737A18015}"
EndProject
Project("{FAE04EC0-301F-11D3-BF4B-00C04F79EFBC}") = "Petzold.UriDialog", "Petzold.UriDialog\Petzold.UriDialog.csproj", "{805536C5-ED4B-4E48-89F2-A8444F8589BB}"
EndProject
Project("{FAE04EC0-301F-11D3-BF4B-00C04F79EFBC}") = "Petzold.EditSomeText", "Petzold.EditSomeText\Petzold.EditSomeText.csproj", "{842F917C-9742-4BEC-ABA4-A46ACAC91FEF}"
EndProject
Project("{FAE04EC0-301F-11D3-BF4B-00C04F79EFBC}") = "Petzold.EditSomeRichText", "Petzold.EditSomeRichText\Petzold.EditSomeRichText.csproj", "{A6930C53-3DEA-4932-83EE-3F03B3462BFB}"
EndProject
Project("{2150E333-8FDC-42A3-9474-1A3956D46DE8}") = "05 StackPanek WrapPanel", "05 StackPanek WrapPanel", "{E03AC397-A454-482E-BDC6-D704E93A77F6}"
EndProject
Project("{FAE04EC0-301F-11D3-BF4B-00C04F79EFBC}") = "01Petzold.StackTenButtons", "Petzold.StackTenButtons\01Petzold.StackTenButtons.csproj", "{7CCF2CDC-47C8-45F3-8E2E-1E437343BEBE}"
EndProject
Project("{FAE04EC0-301F-11D3-BF4B-00C04F79EFBC}") = "02 Petzold.StackThirtyButtons", "02 Petzold.StackThirtyButtons\02 Petzold.StackThirtyButtons.csproj", "{3F9C8F68-3F98-480B-A396-9AA5D40583B5}"
EndProject
Project("{FAE04EC0-301F-11D3-BF4B-00C04F79EFBC}") = "03ScrollFiftyButtons", "03ScrollFiftyButtons\03ScrollFiftyButtons.csproj", "{A121BC22-ED7E-47FE-9725-7A8116B0DA9F}"
EndProject
Project("{FAE04EC0-301F-11D3-BF4B-00C04F79EFBC}") = "04Petzold.DesignAButton", "04Petzold.DesignAButton\04Petzold.DesignAButton.csproj", "{E77FF758-712B-492B-BA5E-A0D15A4DAE8E}"
EndProject
Project("{FAE04EC0-301F-11D3-BF4B-00C04F79EFBC}") = "05Petzold.TuneTheRadio", "05Petzold.TuneTheRadio\05Petzold.TuneTheRadio.csproj", "{FE99374E-9A6E-4816-A7C2-A2A67E4AAC61}"
EndProject
Project("{FAE04EC0-301F-11D3-BF4B-00C04F79EFBC}") = "06Petzold.ExploreDirectories", "06Petzold.ExploreDirectories\06Petzold.ExploreDirectories.csproj", "{1C3B9323-4BC2-401F-AA61-0EB7627630D2}"
EndProject
Project("{2150E333-8FDC-42A3-9474-1A3956D46DE8}") = "06 Dock Grid", "06 Dock Grid", "{CA67D49E-937D-480F-B12C-4576D500DC40}"
EndProject
Project("{FAE04EC0-301F-11D3-BF4B-00C04F79EFBC}") = "01Petzold.DockAroundTheBlock", "01Petzold.DockAroundTheBlock\01Petzold.DockAroundTheBlock.csproj", "{50F0743A-89E2-400D-822E-16E9FA42A277}"
EndProject
Project("{FAE04EC0-301F-11D3-BF4B-00C04F79EFBC}") = "02Petzold.MeetTheDockers", "02Petzold.MeetTheDockers\02Petzold.MeetTheDockers.csproj", "{54E30DB0-EE02-42F8-9D54-E6E3A31642C1}"
EndProject
Project("{FAE04EC0-301F-11D3-BF4B-00C04F79EFBC}") = "03Petzold.CalculateYourLife", "03Petzold.CalculateYourLife\03Petzold.CalculateYourLife.csproj", "{556E5DC1-FBDC-464A-A095-C28E725E5502}"
EndProject
Project("{FAE04EC0-301F-11D3-BF4B-00C04F79EFBC}") = "04Petzold.EnterTheGrid", "04Petzold.EnterTheGrid\04Petzold.EnterTheGrid.csproj", "{D83328A2-F41D-4513-8290-1AB784A44E91}"
EndProject
Project("{FAE04EC0-301F-11D3-BF4B-00C04F79EFBC}") = "05Petzold.SpanTheCells", "05Petzold.SpanTheCells\05Petzold.SpanTheCells.csproj", "{B915A604-20C8-4AFA-B339-7E436CB6C97E}"
EndProject
Project("{FAE04EC0-301F-11D3-BF4B-00C04F79EFBC}") = "06Petzold.SplitNine", "06Petzold.SplitNine\06Petzold.SplitNine.csproj", "{3A4A280B-9034-477B-8A72-7F6289B59F82}"
EndProject
Project("{FAE04EC0-301F-11D3-BF4B-00C04F79EFBC}") = "07Petzold.SplitTheClient", "07Petzold.SplitTheClient\07Petzold.SplitTheClient.csproj", "{3DDEEBFB-4D83-4A47-99E9-37BB6912220B}"
EndProject
Project("{FAE04EC0-301F-11D3-BF4B-00C04F79EFBC}") = "08Petzold.ScrollCustomColors", "08Petzold.ScrollCustomColors\08Petzold.ScrollCustomColors.csproj", "{C8EB48E4-4D7F-4808-A890-F4A7DD4A7B84}"
EndProject
Project("{2150E333-8FDC-42A3-9474-1A3956D46DE8}") = "07 Canvas", "07 Canvas", "{8F266DC3-9712-4681-86AB-648451A25BBE}"
EndProject
Project("{FAE04EC0-301F-11D3-BF4B-00C04F79EFBC}") = "01Petzold.PaintTheButton", "01Petzold.PaintTheButton\01Petzold.PaintTheButton.csproj", "{68BFA2DC-244D-451F-AE85-489F27CD0E0C}"
EndProject
Project("{FAE04EC0-301F-11D3-BF4B-00C04F79EFBC}") = "02Petzold.Tile", "02Petzold.Tile\02Petzold.Tile.csproj", "{0600C232-A1C0-4F55-8116-7CF2D542E758}"
EndProject
Project("{2150E333-8FDC-42A3-9474-1A3956D46DE8}") = "08 Dependensy Property", "08 Dependensy Property", "{C1906119-8A53-4122-B641-2B89A05501E5}"
EndProject
Project("{FAE04EC0-301F-11D3-BF4B-00C04F79EFBC}") = "01Petzold.SetFontSizeProperty", "01Petzold.SetFontSizeProperty\01Petzold.SetFontSizeProperty.csproj", "{8566F538-16B7-496E-8863-07651F3BB503}"
EndProject
Project("{FAE04EC0-301F-11D3-BF4B-00C04F79EFBC}") = "02Petzold.SpaceButton", "02Petzold.SpaceButtons\02Petzold.SpaceButton.csproj", "{FE5A5E69-F2A8-4367-AD73-463AB0C23711}"
EndProject
Project("{2150E333-8FDC-42A3-9474-1A3956D46DE8}") = "09 RoutedEvents", "09 RoutedEvents", "{FD296E7A-E3EE-41C9-829C-5CE50CE20075}"
EndProject
Project("{FAE04EC0-301F-11D3-BF4B-00C04F79EFBC}") = "01Petzold.ExamineRoutedEvents", "01Petzold.ExamineRoutedEvents\01Petzold.ExamineRoutedEvents.csproj", "{C9989D49-AA56-4D17-A176-4ECD84A112B0}"
EndProject
Project("{FAE04EC0-301F-11D3-BF4B-00C04F79EFBC}") = "02Petzold.DrawCircles", "02Petzold.DrawCircles\02Petzold.DrawCircles.csproj", "{EF3B1AFD-B2A1-44E9-AC21-1CC6481DC222}"
EndProject
Project("{FAE04EC0-301F-11D3-BF4B-00C04F79EFBC}") = "03Petzold.Keystrokes", "03Petzold.Keystrokes\03Petzold.Keystrokes.csproj", "{4E3F6831-C2E3-4363-A9E1-0FF33FD74637}"
EndProject
Project("{2150E333-8FDC-42A3-9474-1A3956D46DE8}") = "10 User Elements", "10 User Elements", "{B84616B5-53E8-4091-82A3-11D46A29D2D7}"
EndProject
Project("{FAE04EC0-301F-11D3-BF4B-00C04F79EFBC}") = "01Petzold.BetterEllipse", "01Petzold.BetterEllipse\01Petzold.BetterEllipse.csproj", "{8FFDE808-AF53-4844-A3D4-0A445348C83B}"
EndProject
Project("{FAE04EC0-301F-11D3-BF4B-00C04F79EFBC}") = "02Petzold.MedievalButton", "02Petzold.MedievalButton\02Petzold.MedievalButton.csproj", "{6B603BED-FAEC-404A-936B-40606679A14F}"
EndProject
Project("{2150E333-8FDC-42A3-9474-1A3956D46DE8}") = "11 One Children Elements", "11 One Children Elements", "{0EBB69A4-0D5F-47B3-9F1E-B2FF9A65BC91}"
EndProject
Project("{FAE04EC0-301F-11D3-BF4B-00C04F79EFBC}") = "01Petzold.EllipseWithChild", "01Petzold.EllipseWithChild\01Petzold.EllipseWithChild.csproj", "{9EAE61DF-3513-4D6B-9340-3BA937420164}"
EndProject
Project("{FAE04EC0-301F-11D3-BF4B-00C04F79EFBC}") = "02Petzold.RoundedButtonDecorator", "02Petzold.RoundedButtonDecorator\02Petzold.RoundedButtonDecorator.csproj", "{800E3A58-B600-4A14-A904-84EC11143094}"
EndProject
Project("{FAE04EC0-301F-11D3-BF4B-00C04F79EFBC}") = "03Petzold.BuildButtonFactory", "03Petzold.BuildButtonFactory\03Petzold.BuildButtonFactory.csproj", "{23B64D72-132B-468A-9EEF-BA4A01723787}"
EndProject
Project("{FAE04EC0-301F-11D3-BF4B-00C04F79EFBC}") = "04Petzold.DrawingVisual1.ColorCell", "04Petzold.DrawingVisual.ColorCell\04Petzold.DrawingVisual1.ColorCell.csproj", "{C40CA3DD-4089-4D84-BB18-B0243CD93D46}"
EndProject
Global
	GlobalSection(SolutionConfigurationPlatforms) = preSolution
		Debug|Any CPU = Debug|Any CPU
		Debug|Mixed Platforms = Debug|Mixed Platforms
		Debug|x86 = Debug|x86
		Release|Any CPU = Release|Any CPU
		Release|Mixed Platforms = Release|Mixed Platforms
		Release|x86 = Release|x86
	EndGlobalSection
	GlobalSection(ProjectConfigurationPlatforms) = postSolution
		{F322F4B8-5DEC-406F-B6CB-9BB21DAE7A65}.Debug|Any CPU.ActiveCfg = Debug|x86
		{F322F4B8-5DEC-406F-B6CB-9BB21DAE7A65}.Debug|Mixed Platforms.ActiveCfg = Debug|x86
		{F322F4B8-5DEC-406F-B6CB-9BB21DAE7A65}.Debug|Mixed Platforms.Build.0 = Debug|x86
		{F322F4B8-5DEC-406F-B6CB-9BB21DAE7A65}.Debug|x86.ActiveCfg = Debug|x86
		{F322F4B8-5DEC-406F-B6CB-9BB21DAE7A65}.Debug|x86.Build.0 = Debug|x86
		{F322F4B8-5DEC-406F-B6CB-9BB21DAE7A65}.Release|Any CPU.ActiveCfg = Release|x86
		{F322F4B8-5DEC-406F-B6CB-9BB21DAE7A65}.Release|Mixed Platforms.ActiveCfg = Release|x86
		{F322F4B8-5DEC-406F-B6CB-9BB21DAE7A65}.Release|Mixed Platforms.Build.0 = Release|x86
		{F322F4B8-5DEC-406F-B6CB-9BB21DAE7A65}.Release|x86.ActiveCfg = Release|x86
		{F322F4B8-5DEC-406F-B6CB-9BB21DAE7A65}.Release|x86.Build.0 = Release|x86
		{812957FA-3010-49FB-AAB6-ABCDA85307C2}.Debug|Any CPU.ActiveCfg = Debug|x86
		{812957FA-3010-49FB-AAB6-ABCDA85307C2}.Debug|Mixed Platforms.ActiveCfg = Debug|x86
		{812957FA-3010-49FB-AAB6-ABCDA85307C2}.Debug|Mixed Platforms.Build.0 = Debug|x86
		{812957FA-3010-49FB-AAB6-ABCDA85307C2}.Debug|x86.ActiveCfg = Debug|x86
		{812957FA-3010-49FB-AAB6-ABCDA85307C2}.Debug|x86.Build.0 = Debug|x86
		{812957FA-3010-49FB-AAB6-ABCDA85307C2}.Release|Any CPU.ActiveCfg = Release|x86
		{812957FA-3010-49FB-AAB6-ABCDA85307C2}.Release|Mixed Platforms.ActiveCfg = Release|x86
		{812957FA-3010-49FB-AAB6-ABCDA85307C2}.Release|Mixed Platforms.Build.0 = Release|x86
		{812957FA-3010-49FB-AAB6-ABCDA85307C2}.Release|x86.ActiveCfg = Release|x86
		{812957FA-3010-49FB-AAB6-ABCDA85307C2}.Release|x86.Build.0 = Release|x86
		{84CF3442-DD45-4B78-91E4-9948F9138316}.Debug|Any CPU.ActiveCfg = Debug|x86
		{84CF3442-DD45-4B78-91E4-9948F9138316}.Debug|Mixed Platforms.ActiveCfg = Debug|x86
		{84CF3442-DD45-4B78-91E4-9948F9138316}.Debug|Mixed Platforms.Build.0 = Debug|x86
		{84CF3442-DD45-4B78-91E4-9948F9138316}.Debug|x86.ActiveCfg = Debug|x86
		{84CF3442-DD45-4B78-91E4-9948F9138316}.Debug|x86.Build.0 = Debug|x86
		{84CF3442-DD45-4B78-91E4-9948F9138316}.Release|Any CPU.ActiveCfg = Release|x86
		{84CF3442-DD45-4B78-91E4-9948F9138316}.Release|Mixed Platforms.ActiveCfg = Release|x86
		{84CF3442-DD45-4B78-91E4-9948F9138316}.Release|Mixed Platforms.Build.0 = Release|x86
		{84CF3442-DD45-4B78-91E4-9948F9138316}.Release|x86.ActiveCfg = Release|x86
		{84CF3442-DD45-4B78-91E4-9948F9138316}.Release|x86.Build.0 = Release|x86
		{1205921F-0F45-4EB8-8DD0-BB3BBE00009B}.Debug|Any CPU.ActiveCfg = Debug|x86
		{1205921F-0F45-4EB8-8DD0-BB3BBE00009B}.Debug|Mixed Platforms.ActiveCfg = Debug|x86
		{1205921F-0F45-4EB8-8DD0-BB3BBE00009B}.Debug|Mixed Platforms.Build.0 = Debug|x86
		{1205921F-0F45-4EB8-8DD0-BB3BBE00009B}.Debug|x86.ActiveCfg = Debug|x86
		{1205921F-0F45-4EB8-8DD0-BB3BBE00009B}.Debug|x86.Build.0 = Debug|x86
		{1205921F-0F45-4EB8-8DD0-BB3BBE00009B}.Release|Any CPU.ActiveCfg = Release|x86
		{1205921F-0F45-4EB8-8DD0-BB3BBE00009B}.Release|Mixed Platforms.ActiveCfg = Release|x86
		{1205921F-0F45-4EB8-8DD0-BB3BBE00009B}.Release|Mixed Platforms.Build.0 = Release|x86
		{1205921F-0F45-4EB8-8DD0-BB3BBE00009B}.Release|x86.ActiveCfg = Release|x86
		{1205921F-0F45-4EB8-8DD0-BB3BBE00009B}.Release|x86.Build.0 = Release|x86
		{7B1FCD23-79D1-4058-A2CA-CBBAAAB8B572}.Debug|Any CPU.ActiveCfg = Debug|x86
		{7B1FCD23-79D1-4058-A2CA-CBBAAAB8B572}.Debug|Mixed Platforms.ActiveCfg = Debug|x86
		{7B1FCD23-79D1-4058-A2CA-CBBAAAB8B572}.Debug|Mixed Platforms.Build.0 = Debug|x86
		{7B1FCD23-79D1-4058-A2CA-CBBAAAB8B572}.Debug|x86.ActiveCfg = Debug|x86
		{7B1FCD23-79D1-4058-A2CA-CBBAAAB8B572}.Debug|x86.Build.0 = Debug|x86
		{7B1FCD23-79D1-4058-A2CA-CBBAAAB8B572}.Release|Any CPU.ActiveCfg = Release|x86
		{7B1FCD23-79D1-4058-A2CA-CBBAAAB8B572}.Release|Mixed Platforms.ActiveCfg = Release|x86
		{7B1FCD23-79D1-4058-A2CA-CBBAAAB8B572}.Release|Mixed Platforms.Build.0 = Release|x86
		{7B1FCD23-79D1-4058-A2CA-CBBAAAB8B572}.Release|x86.ActiveCfg = Release|x86
		{7B1FCD23-79D1-4058-A2CA-CBBAAAB8B572}.Release|x86.Build.0 = Release|x86
		{7EE5C344-E918-4400-B614-EB955DFB114D}.Debug|Any CPU.ActiveCfg = Debug|x86
		{7EE5C344-E918-4400-B614-EB955DFB114D}.Debug|Mixed Platforms.ActiveCfg = Debug|x86
		{7EE5C344-E918-4400-B614-EB955DFB114D}.Debug|Mixed Platforms.Build.0 = Debug|x86
		{7EE5C344-E918-4400-B614-EB955DFB114D}.Debug|x86.ActiveCfg = Debug|x86
		{7EE5C344-E918-4400-B614-EB955DFB114D}.Debug|x86.Build.0 = Debug|x86
		{7EE5C344-E918-4400-B614-EB955DFB114D}.Release|Any CPU.ActiveCfg = Release|x86
		{7EE5C344-E918-4400-B614-EB955DFB114D}.Release|Mixed Platforms.ActiveCfg = Release|x86
		{7EE5C344-E918-4400-B614-EB955DFB114D}.Release|Mixed Platforms.Build.0 = Release|x86
		{7EE5C344-E918-4400-B614-EB955DFB114D}.Release|x86.ActiveCfg = Release|x86
		{7EE5C344-E918-4400-B614-EB955DFB114D}.Release|x86.Build.0 = Release|x86
		{A104DFC0-B59C-459D-9D02-AFFA0BE74234}.Debug|Any CPU.ActiveCfg = Debug|x86
		{A104DFC0-B59C-459D-9D02-AFFA0BE74234}.Debug|Mixed Platforms.ActiveCfg = Debug|x86
		{A104DFC0-B59C-459D-9D02-AFFA0BE74234}.Debug|Mixed Platforms.Build.0 = Debug|x86
		{A104DFC0-B59C-459D-9D02-AFFA0BE74234}.Debug|x86.ActiveCfg = Debug|x86
		{A104DFC0-B59C-459D-9D02-AFFA0BE74234}.Debug|x86.Build.0 = Debug|x86
		{A104DFC0-B59C-459D-9D02-AFFA0BE74234}.Release|Any CPU.ActiveCfg = Release|x86
		{A104DFC0-B59C-459D-9D02-AFFA0BE74234}.Release|Mixed Platforms.ActiveCfg = Release|x86
		{A104DFC0-B59C-459D-9D02-AFFA0BE74234}.Release|Mixed Platforms.Build.0 = Release|x86
		{A104DFC0-B59C-459D-9D02-AFFA0BE74234}.Release|x86.ActiveCfg = Release|x86
		{A104DFC0-B59C-459D-9D02-AFFA0BE74234}.Release|x86.Build.0 = Release|x86
		{3112BFB3-1861-4FB7-B735-E5271C41BFCF}.Debug|Any CPU.ActiveCfg = Debug|x86
		{3112BFB3-1861-4FB7-B735-E5271C41BFCF}.Debug|Mixed Platforms.ActiveCfg = Debug|x86
		{3112BFB3-1861-4FB7-B735-E5271C41BFCF}.Debug|Mixed Platforms.Build.0 = Debug|x86
		{3112BFB3-1861-4FB7-B735-E5271C41BFCF}.Debug|x86.ActiveCfg = Debug|x86
		{3112BFB3-1861-4FB7-B735-E5271C41BFCF}.Debug|x86.Build.0 = Debug|x86
		{3112BFB3-1861-4FB7-B735-E5271C41BFCF}.Release|Any CPU.ActiveCfg = Release|x86
		{3112BFB3-1861-4FB7-B735-E5271C41BFCF}.Release|Mixed Platforms.ActiveCfg = Release|x86
		{3112BFB3-1861-4FB7-B735-E5271C41BFCF}.Release|Mixed Platforms.Build.0 = Release|x86
		{3112BFB3-1861-4FB7-B735-E5271C41BFCF}.Release|x86.ActiveCfg = Release|x86
		{3112BFB3-1861-4FB7-B735-E5271C41BFCF}.Release|x86.Build.0 = Release|x86
		{AEE1AC83-C16C-4AE4-B625-64FA55D91B09}.Debug|Any CPU.ActiveCfg = Debug|x86
		{AEE1AC83-C16C-4AE4-B625-64FA55D91B09}.Debug|Mixed Platforms.ActiveCfg = Debug|x86
		{AEE1AC83-C16C-4AE4-B625-64FA55D91B09}.Debug|Mixed Platforms.Build.0 = Debug|x86
		{AEE1AC83-C16C-4AE4-B625-64FA55D91B09}.Debug|x86.ActiveCfg = Debug|x86
		{AEE1AC83-C16C-4AE4-B625-64FA55D91B09}.Debug|x86.Build.0 = Debug|x86
		{AEE1AC83-C16C-4AE4-B625-64FA55D91B09}.Release|Any CPU.ActiveCfg = Release|x86
		{AEE1AC83-C16C-4AE4-B625-64FA55D91B09}.Release|Mixed Platforms.ActiveCfg = Release|x86
		{AEE1AC83-C16C-4AE4-B625-64FA55D91B09}.Release|Mixed Platforms.Build.0 = Release|x86
		{AEE1AC83-C16C-4AE4-B625-64FA55D91B09}.Release|x86.ActiveCfg = Release|x86
		{AEE1AC83-C16C-4AE4-B625-64FA55D91B09}.Release|x86.Build.0 = Release|x86
		{781210BB-54AB-431D-81BA-F64E9BF2E015}.Debug|Any CPU.ActiveCfg = Debug|x86
		{781210BB-54AB-431D-81BA-F64E9BF2E015}.Debug|Mixed Platforms.ActiveCfg = Debug|x86
		{781210BB-54AB-431D-81BA-F64E9BF2E015}.Debug|Mixed Platforms.Build.0 = Debug|x86
		{781210BB-54AB-431D-81BA-F64E9BF2E015}.Debug|x86.ActiveCfg = Debug|x86
		{781210BB-54AB-431D-81BA-F64E9BF2E015}.Debug|x86.Build.0 = Debug|x86
		{781210BB-54AB-431D-81BA-F64E9BF2E015}.Release|Any CPU.ActiveCfg = Release|x86
		{781210BB-54AB-431D-81BA-F64E9BF2E015}.Release|Mixed Platforms.ActiveCfg = Release|x86
		{781210BB-54AB-431D-81BA-F64E9BF2E015}.Release|Mixed Platforms.Build.0 = Release|x86
		{781210BB-54AB-431D-81BA-F64E9BF2E015}.Release|x86.ActiveCfg = Release|x86
		{781210BB-54AB-431D-81BA-F64E9BF2E015}.Release|x86.Build.0 = Release|x86
		{F3127646-1C12-4674-B8E4-51C2E9423643}.Debug|Any CPU.ActiveCfg = Debug|x86
		{F3127646-1C12-4674-B8E4-51C2E9423643}.Debug|Mixed Platforms.ActiveCfg = Debug|x86
		{F3127646-1C12-4674-B8E4-51C2E9423643}.Debug|Mixed Platforms.Build.0 = Debug|x86
		{F3127646-1C12-4674-B8E4-51C2E9423643}.Debug|x86.ActiveCfg = Debug|x86
		{F3127646-1C12-4674-B8E4-51C2E9423643}.Debug|x86.Build.0 = Debug|x86
		{F3127646-1C12-4674-B8E4-51C2E9423643}.Release|Any CPU.ActiveCfg = Release|x86
		{F3127646-1C12-4674-B8E4-51C2E9423643}.Release|Mixed Platforms.ActiveCfg = Release|x86
		{F3127646-1C12-4674-B8E4-51C2E9423643}.Release|Mixed Platforms.Build.0 = Release|x86
		{F3127646-1C12-4674-B8E4-51C2E9423643}.Release|x86.ActiveCfg = Release|x86
		{F3127646-1C12-4674-B8E4-51C2E9423643}.Release|x86.Build.0 = Release|x86
		{C93213FD-6F4A-4B6E-BBC6-FFCC12219750}.Debug|Any CPU.ActiveCfg = Debug|x86
		{C93213FD-6F4A-4B6E-BBC6-FFCC12219750}.Debug|Mixed Platforms.ActiveCfg = Debug|x86
		{C93213FD-6F4A-4B6E-BBC6-FFCC12219750}.Debug|Mixed Platforms.Build.0 = Debug|x86
		{C93213FD-6F4A-4B6E-BBC6-FFCC12219750}.Debug|x86.ActiveCfg = Debug|x86
		{C93213FD-6F4A-4B6E-BBC6-FFCC12219750}.Debug|x86.Build.0 = Debug|x86
		{C93213FD-6F4A-4B6E-BBC6-FFCC12219750}.Release|Any CPU.ActiveCfg = Release|x86
		{C93213FD-6F4A-4B6E-BBC6-FFCC12219750}.Release|Mixed Platforms.ActiveCfg = Release|x86
		{C93213FD-6F4A-4B6E-BBC6-FFCC12219750}.Release|Mixed Platforms.Build.0 = Release|x86
		{C93213FD-6F4A-4B6E-BBC6-FFCC12219750}.Release|x86.ActiveCfg = Release|x86
		{C93213FD-6F4A-4B6E-BBC6-FFCC12219750}.Release|x86.Build.0 = Release|x86
		{FFDC8ECD-6F31-4E28-AF30-8860E3CB6394}.Debug|Any CPU.ActiveCfg = Debug|x86
		{FFDC8ECD-6F31-4E28-AF30-8860E3CB6394}.Debug|Mixed Platforms.ActiveCfg = Debug|x86
		{FFDC8ECD-6F31-4E28-AF30-8860E3CB6394}.Debug|Mixed Platforms.Build.0 = Debug|x86
		{FFDC8ECD-6F31-4E28-AF30-8860E3CB6394}.Debug|x86.ActiveCfg = Debug|x86
		{FFDC8ECD-6F31-4E28-AF30-8860E3CB6394}.Debug|x86.Build.0 = Debug|x86
		{FFDC8ECD-6F31-4E28-AF30-8860E3CB6394}.Release|Any CPU.ActiveCfg = Release|x86
		{FFDC8ECD-6F31-4E28-AF30-8860E3CB6394}.Release|Mixed Platforms.ActiveCfg = Release|x86
		{FFDC8ECD-6F31-4E28-AF30-8860E3CB6394}.Release|Mixed Platforms.Build.0 = Release|x86
		{FFDC8ECD-6F31-4E28-AF30-8860E3CB6394}.Release|x86.ActiveCfg = Release|x86
		{FFDC8ECD-6F31-4E28-AF30-8860E3CB6394}.Release|x86.Build.0 = Release|x86
		{0E4E5C47-E8AB-4085-8517-E129EBC90F07}.Debug|Any CPU.ActiveCfg = Debug|x86
		{0E4E5C47-E8AB-4085-8517-E129EBC90F07}.Debug|Mixed Platforms.ActiveCfg = Debug|x86
		{0E4E5C47-E8AB-4085-8517-E129EBC90F07}.Debug|Mixed Platforms.Build.0 = Debug|x86
		{0E4E5C47-E8AB-4085-8517-E129EBC90F07}.Debug|x86.ActiveCfg = Debug|x86
		{0E4E5C47-E8AB-4085-8517-E129EBC90F07}.Debug|x86.Build.0 = Debug|x86
		{0E4E5C47-E8AB-4085-8517-E129EBC90F07}.Release|Any CPU.ActiveCfg = Release|x86
		{0E4E5C47-E8AB-4085-8517-E129EBC90F07}.Release|Mixed Platforms.ActiveCfg = Release|x86
		{0E4E5C47-E8AB-4085-8517-E129EBC90F07}.Release|Mixed Platforms.Build.0 = Release|x86
		{0E4E5C47-E8AB-4085-8517-E129EBC90F07}.Release|x86.ActiveCfg = Release|x86
		{0E4E5C47-E8AB-4085-8517-E129EBC90F07}.Release|x86.Build.0 = Release|x86
		{F1249528-E319-4962-A811-30BC6FC44126}.Debug|Any CPU.ActiveCfg = Debug|x86
		{F1249528-E319-4962-A811-30BC6FC44126}.Debug|Mixed Platforms.ActiveCfg = Debug|x86
		{F1249528-E319-4962-A811-30BC6FC44126}.Debug|Mixed Platforms.Build.0 = Debug|x86
		{F1249528-E319-4962-A811-30BC6FC44126}.Debug|x86.ActiveCfg = Debug|x86
		{F1249528-E319-4962-A811-30BC6FC44126}.Debug|x86.Build.0 = Debug|x86
		{F1249528-E319-4962-A811-30BC6FC44126}.Release|Any CPU.ActiveCfg = Release|x86
		{F1249528-E319-4962-A811-30BC6FC44126}.Release|Mixed Platforms.ActiveCfg = Release|x86
		{F1249528-E319-4962-A811-30BC6FC44126}.Release|Mixed Platforms.Build.0 = Release|x86
		{F1249528-E319-4962-A811-30BC6FC44126}.Release|x86.ActiveCfg = Release|x86
		{F1249528-E319-4962-A811-30BC6FC44126}.Release|x86.Build.0 = Release|x86
		{13D4B6FA-95DD-4033-AFB5-76B1524401FD}.Debug|Any CPU.ActiveCfg = Debug|x86
		{13D4B6FA-95DD-4033-AFB5-76B1524401FD}.Debug|Mixed Platforms.ActiveCfg = Debug|x86
		{13D4B6FA-95DD-4033-AFB5-76B1524401FD}.Debug|Mixed Platforms.Build.0 = Debug|x86
		{13D4B6FA-95DD-4033-AFB5-76B1524401FD}.Debug|x86.ActiveCfg = Debug|x86
		{13D4B6FA-95DD-4033-AFB5-76B1524401FD}.Debug|x86.Build.0 = Debug|x86
		{13D4B6FA-95DD-4033-AFB5-76B1524401FD}.Release|Any CPU.ActiveCfg = Release|x86
		{13D4B6FA-95DD-4033-AFB5-76B1524401FD}.Release|Mixed Platforms.ActiveCfg = Release|x86
		{13D4B6FA-95DD-4033-AFB5-76B1524401FD}.Release|Mixed Platforms.Build.0 = Release|x86
		{13D4B6FA-95DD-4033-AFB5-76B1524401FD}.Release|x86.ActiveCfg = Release|x86
		{13D4B6FA-95DD-4033-AFB5-76B1524401FD}.Release|x86.Build.0 = Release|x86
		{A9F99193-88BF-43E6-B9CA-96FEAD0C5618}.Debug|Any CPU.ActiveCfg = Debug|x86
		{A9F99193-88BF-43E6-B9CA-96FEAD0C5618}.Debug|Mixed Platforms.ActiveCfg = Debug|x86
		{A9F99193-88BF-43E6-B9CA-96FEAD0C5618}.Debug|Mixed Platforms.Build.0 = Debug|x86
		{A9F99193-88BF-43E6-B9CA-96FEAD0C5618}.Debug|x86.ActiveCfg = Debug|x86
		{A9F99193-88BF-43E6-B9CA-96FEAD0C5618}.Debug|x86.Build.0 = Debug|x86
		{A9F99193-88BF-43E6-B9CA-96FEAD0C5618}.Release|Any CPU.ActiveCfg = Release|x86
		{A9F99193-88BF-43E6-B9CA-96FEAD0C5618}.Release|Mixed Platforms.ActiveCfg = Release|x86
		{A9F99193-88BF-43E6-B9CA-96FEAD0C5618}.Release|Mixed Platforms.Build.0 = Release|x86
		{A9F99193-88BF-43E6-B9CA-96FEAD0C5618}.Release|x86.ActiveCfg = Release|x86
		{A9F99193-88BF-43E6-B9CA-96FEAD0C5618}.Release|x86.Build.0 = Release|x86
		{F7AF5E6C-7984-4D70-A012-46CD2853F993}.Debug|Any CPU.ActiveCfg = Debug|x86
		{F7AF5E6C-7984-4D70-A012-46CD2853F993}.Debug|Mixed Platforms.ActiveCfg = Debug|x86
		{F7AF5E6C-7984-4D70-A012-46CD2853F993}.Debug|Mixed Platforms.Build.0 = Debug|x86
		{F7AF5E6C-7984-4D70-A012-46CD2853F993}.Debug|x86.ActiveCfg = Debug|x86
		{F7AF5E6C-7984-4D70-A012-46CD2853F993}.Debug|x86.Build.0 = Debug|x86
		{F7AF5E6C-7984-4D70-A012-46CD2853F993}.Release|Any CPU.ActiveCfg = Release|x86
		{F7AF5E6C-7984-4D70-A012-46CD2853F993}.Release|Mixed Platforms.ActiveCfg = Release|x86
		{F7AF5E6C-7984-4D70-A012-46CD2853F993}.Release|Mixed Platforms.Build.0 = Release|x86
		{F7AF5E6C-7984-4D70-A012-46CD2853F993}.Release|x86.ActiveCfg = Release|x86
		{F7AF5E6C-7984-4D70-A012-46CD2853F993}.Release|x86.Build.0 = Release|x86
		{3DD9F14A-0817-4DB4-8A6F-53F9DE3520B8}.Debug|Any CPU.ActiveCfg = Debug|x86
		{3DD9F14A-0817-4DB4-8A6F-53F9DE3520B8}.Debug|Mixed Platforms.ActiveCfg = Debug|x86
		{3DD9F14A-0817-4DB4-8A6F-53F9DE3520B8}.Debug|Mixed Platforms.Build.0 = Debug|x86
		{3DD9F14A-0817-4DB4-8A6F-53F9DE3520B8}.Debug|x86.ActiveCfg = Debug|x86
		{3DD9F14A-0817-4DB4-8A6F-53F9DE3520B8}.Debug|x86.Build.0 = Debug|x86
		{3DD9F14A-0817-4DB4-8A6F-53F9DE3520B8}.Release|Any CPU.ActiveCfg = Release|x86
		{3DD9F14A-0817-4DB4-8A6F-53F9DE3520B8}.Release|Mixed Platforms.ActiveCfg = Release|x86
		{3DD9F14A-0817-4DB4-8A6F-53F9DE3520B8}.Release|Mixed Platforms.Build.0 = Release|x86
		{3DD9F14A-0817-4DB4-8A6F-53F9DE3520B8}.Release|x86.ActiveCfg = Release|x86
		{3DD9F14A-0817-4DB4-8A6F-53F9DE3520B8}.Release|x86.Build.0 = Release|x86
		{6CD22768-7D7E-43CF-871D-D190361227EB}.Debug|Any CPU.ActiveCfg = Debug|x86
		{6CD22768-7D7E-43CF-871D-D190361227EB}.Debug|Mixed Platforms.ActiveCfg = Debug|x86
		{6CD22768-7D7E-43CF-871D-D190361227EB}.Debug|Mixed Platforms.Build.0 = Debug|x86
		{6CD22768-7D7E-43CF-871D-D190361227EB}.Debug|x86.ActiveCfg = Debug|x86
		{6CD22768-7D7E-43CF-871D-D190361227EB}.Debug|x86.Build.0 = Debug|x86
		{6CD22768-7D7E-43CF-871D-D190361227EB}.Release|Any CPU.ActiveCfg = Release|x86
		{6CD22768-7D7E-43CF-871D-D190361227EB}.Release|Mixed Platforms.ActiveCfg = Release|x86
		{6CD22768-7D7E-43CF-871D-D190361227EB}.Release|Mixed Platforms.Build.0 = Release|x86
		{6CD22768-7D7E-43CF-871D-D190361227EB}.Release|x86.ActiveCfg = Release|x86
		{6CD22768-7D7E-43CF-871D-D190361227EB}.Release|x86.Build.0 = Release|x86
		{0330FBAC-18E7-4B61-9AD8-CCB0FD625E6A}.Debug|Any CPU.ActiveCfg = Debug|x86
		{0330FBAC-18E7-4B61-9AD8-CCB0FD625E6A}.Debug|Mixed Platforms.ActiveCfg = Debug|x86
		{0330FBAC-18E7-4B61-9AD8-CCB0FD625E6A}.Debug|Mixed Platforms.Build.0 = Debug|x86
		{0330FBAC-18E7-4B61-9AD8-CCB0FD625E6A}.Debug|x86.ActiveCfg = Debug|x86
		{0330FBAC-18E7-4B61-9AD8-CCB0FD625E6A}.Debug|x86.Build.0 = Debug|x86
		{0330FBAC-18E7-4B61-9AD8-CCB0FD625E6A}.Release|Any CPU.ActiveCfg = Release|x86
		{0330FBAC-18E7-4B61-9AD8-CCB0FD625E6A}.Release|Mixed Platforms.ActiveCfg = Release|x86
		{0330FBAC-18E7-4B61-9AD8-CCB0FD625E6A}.Release|Mixed Platforms.Build.0 = Release|x86
		{0330FBAC-18E7-4B61-9AD8-CCB0FD625E6A}.Release|x86.ActiveCfg = Release|x86
		{0330FBAC-18E7-4B61-9AD8-CCB0FD625E6A}.Release|x86.Build.0 = Release|x86
		{AD2C037F-92C4-4CD9-A400-D6D9E8FB875D}.Debug|Any CPU.ActiveCfg = Debug|x86
		{AD2C037F-92C4-4CD9-A400-D6D9E8FB875D}.Debug|Mixed Platforms.ActiveCfg = Debug|x86
		{AD2C037F-92C4-4CD9-A400-D6D9E8FB875D}.Debug|Mixed Platforms.Build.0 = Debug|x86
		{AD2C037F-92C4-4CD9-A400-D6D9E8FB875D}.Debug|x86.ActiveCfg = Debug|x86
		{AD2C037F-92C4-4CD9-A400-D6D9E8FB875D}.Debug|x86.Build.0 = Debug|x86
		{AD2C037F-92C4-4CD9-A400-D6D9E8FB875D}.Release|Any CPU.ActiveCfg = Release|x86
		{AD2C037F-92C4-4CD9-A400-D6D9E8FB875D}.Release|Mixed Platforms.ActiveCfg = Release|x86
		{AD2C037F-92C4-4CD9-A400-D6D9E8FB875D}.Release|Mixed Platforms.Build.0 = Release|x86
		{AD2C037F-92C4-4CD9-A400-D6D9E8FB875D}.Release|x86.ActiveCfg = Release|x86
		{AD2C037F-92C4-4CD9-A400-D6D9E8FB875D}.Release|x86.Build.0 = Release|x86
		{6FD63B24-DA5C-4E36-8A25-1B9FBB88344A}.Debug|Any CPU.ActiveCfg = Debug|x86
		{6FD63B24-DA5C-4E36-8A25-1B9FBB88344A}.Debug|Mixed Platforms.ActiveCfg = Debug|x86
		{6FD63B24-DA5C-4E36-8A25-1B9FBB88344A}.Debug|Mixed Platforms.Build.0 = Debug|x86
		{6FD63B24-DA5C-4E36-8A25-1B9FBB88344A}.Debug|x86.ActiveCfg = Debug|x86
		{6FD63B24-DA5C-4E36-8A25-1B9FBB88344A}.Debug|x86.Build.0 = Debug|x86
		{6FD63B24-DA5C-4E36-8A25-1B9FBB88344A}.Release|Any CPU.ActiveCfg = Release|x86
		{6FD63B24-DA5C-4E36-8A25-1B9FBB88344A}.Release|Mixed Platforms.ActiveCfg = Release|x86
		{6FD63B24-DA5C-4E36-8A25-1B9FBB88344A}.Release|Mixed Platforms.Build.0 = Release|x86
		{6FD63B24-DA5C-4E36-8A25-1B9FBB88344A}.Release|x86.ActiveCfg = Release|x86
		{6FD63B24-DA5C-4E36-8A25-1B9FBB88344A}.Release|x86.Build.0 = Release|x86
		{5C989A72-46BB-4977-8F8C-B31FEDBDD26B}.Debug|Any CPU.ActiveCfg = Debug|x86
		{5C989A72-46BB-4977-8F8C-B31FEDBDD26B}.Debug|Mixed Platforms.ActiveCfg = Debug|x86
		{5C989A72-46BB-4977-8F8C-B31FEDBDD26B}.Debug|Mixed Platforms.Build.0 = Debug|x86
		{5C989A72-46BB-4977-8F8C-B31FEDBDD26B}.Debug|x86.ActiveCfg = Debug|x86
		{5C989A72-46BB-4977-8F8C-B31FEDBDD26B}.Debug|x86.Build.0 = Debug|x86
		{5C989A72-46BB-4977-8F8C-B31FEDBDD26B}.Release|Any CPU.ActiveCfg = Release|x86
		{5C989A72-46BB-4977-8F8C-B31FEDBDD26B}.Release|Mixed Platforms.ActiveCfg = Release|x86
		{5C989A72-46BB-4977-8F8C-B31FEDBDD26B}.Release|Mixed Platforms.Build.0 = Release|x86
		{5C989A72-46BB-4977-8F8C-B31FEDBDD26B}.Release|x86.ActiveCfg = Release|x86
		{5C989A72-46BB-4977-8F8C-B31FEDBDD26B}.Release|x86.Build.0 = Release|x86
		{7806ABEC-3CB9-42F7-A6EF-C38B63DDF7D7}.Debug|Any CPU.ActiveCfg = Debug|x86
		{7806ABEC-3CB9-42F7-A6EF-C38B63DDF7D7}.Debug|Mixed Platforms.ActiveCfg = Debug|x86
		{7806ABEC-3CB9-42F7-A6EF-C38B63DDF7D7}.Debug|Mixed Platforms.Build.0 = Debug|x86
		{7806ABEC-3CB9-42F7-A6EF-C38B63DDF7D7}.Debug|x86.ActiveCfg = Debug|x86
		{7806ABEC-3CB9-42F7-A6EF-C38B63DDF7D7}.Debug|x86.Build.0 = Debug|x86
		{7806ABEC-3CB9-42F7-A6EF-C38B63DDF7D7}.Release|Any CPU.ActiveCfg = Release|x86
		{7806ABEC-3CB9-42F7-A6EF-C38B63DDF7D7}.Release|Mixed Platforms.ActiveCfg = Release|x86
		{7806ABEC-3CB9-42F7-A6EF-C38B63DDF7D7}.Release|Mixed Platforms.Build.0 = Release|x86
		{7806ABEC-3CB9-42F7-A6EF-C38B63DDF7D7}.Release|x86.ActiveCfg = Release|x86
		{7806ABEC-3CB9-42F7-A6EF-C38B63DDF7D7}.Release|x86.Build.0 = Release|x86
		{CF61182A-D19C-4011-9F66-ED0E59FFDDA3}.Debug|Any CPU.ActiveCfg = Debug|x86
		{CF61182A-D19C-4011-9F66-ED0E59FFDDA3}.Debug|Mixed Platforms.ActiveCfg = Debug|x86
		{CF61182A-D19C-4011-9F66-ED0E59FFDDA3}.Debug|Mixed Platforms.Build.0 = Debug|x86
		{CF61182A-D19C-4011-9F66-ED0E59FFDDA3}.Debug|x86.ActiveCfg = Debug|x86
		{CF61182A-D19C-4011-9F66-ED0E59FFDDA3}.Debug|x86.Build.0 = Debug|x86
		{CF61182A-D19C-4011-9F66-ED0E59FFDDA3}.Release|Any CPU.ActiveCfg = Release|x86
		{CF61182A-D19C-4011-9F66-ED0E59FFDDA3}.Release|Mixed Platforms.ActiveCfg = Release|x86
		{CF61182A-D19C-4011-9F66-ED0E59FFDDA3}.Release|Mixed Platforms.Build.0 = Release|x86
		{CF61182A-D19C-4011-9F66-ED0E59FFDDA3}.Release|x86.ActiveCfg = Release|x86
		{CF61182A-D19C-4011-9F66-ED0E59FFDDA3}.Release|x86.Build.0 = Release|x86
		{36E7C956-6447-40B4-B244-C25737A18015}.Debug|Any CPU.ActiveCfg = Debug|x86
		{36E7C956-6447-40B4-B244-C25737A18015}.Debug|Mixed Platforms.ActiveCfg = Debug|x86
		{36E7C956-6447-40B4-B244-C25737A18015}.Debug|Mixed Platforms.Build.0 = Debug|x86
		{36E7C956-6447-40B4-B244-C25737A18015}.Debug|x86.ActiveCfg = Debug|x86
		{36E7C956-6447-40B4-B244-C25737A18015}.Debug|x86.Build.0 = Debug|x86
		{36E7C956-6447-40B4-B244-C25737A18015}.Release|Any CPU.ActiveCfg = Release|x86
		{36E7C956-6447-40B4-B244-C25737A18015}.Release|Mixed Platforms.ActiveCfg = Release|x86
		{36E7C956-6447-40B4-B244-C25737A18015}.Release|Mixed Platforms.Build.0 = Release|x86
		{36E7C956-6447-40B4-B244-C25737A18015}.Release|x86.ActiveCfg = Release|x86
		{36E7C956-6447-40B4-B244-C25737A18015}.Release|x86.Build.0 = Release|x86
		{805536C5-ED4B-4E48-89F2-A8444F8589BB}.Debug|Any CPU.ActiveCfg = Debug|x86
		{805536C5-ED4B-4E48-89F2-A8444F8589BB}.Debug|Mixed Platforms.ActiveCfg = Debug|x86
		{805536C5-ED4B-4E48-89F2-A8444F8589BB}.Debug|Mixed Platforms.Build.0 = Debug|x86
		{805536C5-ED4B-4E48-89F2-A8444F8589BB}.Debug|x86.ActiveCfg = Debug|x86
		{805536C5-ED4B-4E48-89F2-A8444F8589BB}.Debug|x86.Build.0 = Debug|x86
		{805536C5-ED4B-4E48-89F2-A8444F8589BB}.Release|Any CPU.ActiveCfg = Release|x86
		{805536C5-ED4B-4E48-89F2-A8444F8589BB}.Release|Mixed Platforms.ActiveCfg = Release|x86
		{805536C5-ED4B-4E48-89F2-A8444F8589BB}.Release|Mixed Platforms.Build.0 = Release|x86
		{805536C5-ED4B-4E48-89F2-A8444F8589BB}.Release|x86.ActiveCfg = Release|x86
		{805536C5-ED4B-4E48-89F2-A8444F8589BB}.Release|x86.Build.0 = Release|x86
		{842F917C-9742-4BEC-ABA4-A46ACAC91FEF}.Debug|Any CPU.ActiveCfg = Debug|x86
		{842F917C-9742-4BEC-ABA4-A46ACAC91FEF}.Debug|Mixed Platforms.ActiveCfg = Debug|x86
		{842F917C-9742-4BEC-ABA4-A46ACAC91FEF}.Debug|Mixed Platforms.Build.0 = Debug|x86
		{842F917C-9742-4BEC-ABA4-A46ACAC91FEF}.Debug|x86.ActiveCfg = Debug|x86
		{842F917C-9742-4BEC-ABA4-A46ACAC91FEF}.Debug|x86.Build.0 = Debug|x86
		{842F917C-9742-4BEC-ABA4-A46ACAC91FEF}.Release|Any CPU.ActiveCfg = Release|x86
		{842F917C-9742-4BEC-ABA4-A46ACAC91FEF}.Release|Mixed Platforms.ActiveCfg = Release|x86
		{842F917C-9742-4BEC-ABA4-A46ACAC91FEF}.Release|Mixed Platforms.Build.0 = Release|x86
		{842F917C-9742-4BEC-ABA4-A46ACAC91FEF}.Release|x86.ActiveCfg = Release|x86
		{842F917C-9742-4BEC-ABA4-A46ACAC91FEF}.Release|x86.Build.0 = Release|x86
		{A6930C53-3DEA-4932-83EE-3F03B3462BFB}.Debug|Any CPU.ActiveCfg = Debug|x86
		{A6930C53-3DEA-4932-83EE-3F03B3462BFB}.Debug|Mixed Platforms.ActiveCfg = Debug|x86
		{A6930C53-3DEA-4932-83EE-3F03B3462BFB}.Debug|Mixed Platforms.Build.0 = Debug|x86
		{A6930C53-3DEA-4932-83EE-3F03B3462BFB}.Debug|x86.ActiveCfg = Debug|x86
		{A6930C53-3DEA-4932-83EE-3F03B3462BFB}.Debug|x86.Build.0 = Debug|x86
		{A6930C53-3DEA-4932-83EE-3F03B3462BFB}.Release|Any CPU.ActiveCfg = Release|x86
		{A6930C53-3DEA-4932-83EE-3F03B3462BFB}.Release|Mixed Platforms.ActiveCfg = Release|x86
		{A6930C53-3DEA-4932-83EE-3F03B3462BFB}.Release|Mixed Platforms.Build.0 = Release|x86
		{A6930C53-3DEA-4932-83EE-3F03B3462BFB}.Release|x86.ActiveCfg = Release|x86
		{A6930C53-3DEA-4932-83EE-3F03B3462BFB}.Release|x86.Build.0 = Release|x86
		{7CCF2CDC-47C8-45F3-8E2E-1E437343BEBE}.Debug|Any CPU.ActiveCfg = Debug|x86
		{7CCF2CDC-47C8-45F3-8E2E-1E437343BEBE}.Debug|Mixed Platforms.ActiveCfg = Debug|x86
		{7CCF2CDC-47C8-45F3-8E2E-1E437343BEBE}.Debug|Mixed Platforms.Build.0 = Debug|x86
		{7CCF2CDC-47C8-45F3-8E2E-1E437343BEBE}.Debug|x86.ActiveCfg = Debug|x86
		{7CCF2CDC-47C8-45F3-8E2E-1E437343BEBE}.Debug|x86.Build.0 = Debug|x86
		{7CCF2CDC-47C8-45F3-8E2E-1E437343BEBE}.Release|Any CPU.ActiveCfg = Release|x86
		{7CCF2CDC-47C8-45F3-8E2E-1E437343BEBE}.Release|Mixed Platforms.ActiveCfg = Release|x86
		{7CCF2CDC-47C8-45F3-8E2E-1E437343BEBE}.Release|Mixed Platforms.Build.0 = Release|x86
		{7CCF2CDC-47C8-45F3-8E2E-1E437343BEBE}.Release|x86.ActiveCfg = Release|x86
		{7CCF2CDC-47C8-45F3-8E2E-1E437343BEBE}.Release|x86.Build.0 = Release|x86
		{3F9C8F68-3F98-480B-A396-9AA5D40583B5}.Debug|Any CPU.ActiveCfg = Debug|x86
		{3F9C8F68-3F98-480B-A396-9AA5D40583B5}.Debug|Mixed Platforms.ActiveCfg = Debug|x86
		{3F9C8F68-3F98-480B-A396-9AA5D40583B5}.Debug|Mixed Platforms.Build.0 = Debug|x86
		{3F9C8F68-3F98-480B-A396-9AA5D40583B5}.Debug|x86.ActiveCfg = Debug|x86
		{3F9C8F68-3F98-480B-A396-9AA5D40583B5}.Debug|x86.Build.0 = Debug|x86
		{3F9C8F68-3F98-480B-A396-9AA5D40583B5}.Release|Any CPU.ActiveCfg = Release|x86
		{3F9C8F68-3F98-480B-A396-9AA5D40583B5}.Release|Mixed Platforms.ActiveCfg = Release|x86
		{3F9C8F68-3F98-480B-A396-9AA5D40583B5}.Release|Mixed Platforms.Build.0 = Release|x86
		{3F9C8F68-3F98-480B-A396-9AA5D40583B5}.Release|x86.ActiveCfg = Release|x86
		{3F9C8F68-3F98-480B-A396-9AA5D40583B5}.Release|x86.Build.0 = Release|x86
		{A121BC22-ED7E-47FE-9725-7A8116B0DA9F}.Debug|Any CPU.ActiveCfg = Debug|x86
		{A121BC22-ED7E-47FE-9725-7A8116B0DA9F}.Debug|Mixed Platforms.ActiveCfg = Debug|x86
		{A121BC22-ED7E-47FE-9725-7A8116B0DA9F}.Debug|Mixed Platforms.Build.0 = Debug|x86
		{A121BC22-ED7E-47FE-9725-7A8116B0DA9F}.Debug|x86.ActiveCfg = Debug|x86
		{A121BC22-ED7E-47FE-9725-7A8116B0DA9F}.Debug|x86.Build.0 = Debug|x86
		{A121BC22-ED7E-47FE-9725-7A8116B0DA9F}.Release|Any CPU.ActiveCfg = Release|x86
		{A121BC22-ED7E-47FE-9725-7A8116B0DA9F}.Release|Mixed Platforms.ActiveCfg = Release|x86
		{A121BC22-ED7E-47FE-9725-7A8116B0DA9F}.Release|Mixed Platforms.Build.0 = Release|x86
		{A121BC22-ED7E-47FE-9725-7A8116B0DA9F}.Release|x86.ActiveCfg = Release|x86
		{A121BC22-ED7E-47FE-9725-7A8116B0DA9F}.Release|x86.Build.0 = Release|x86
		{E77FF758-712B-492B-BA5E-A0D15A4DAE8E}.Debug|Any CPU.ActiveCfg = Debug|x86
		{E77FF758-712B-492B-BA5E-A0D15A4DAE8E}.Debug|Mixed Platforms.ActiveCfg = Debug|x86
		{E77FF758-712B-492B-BA5E-A0D15A4DAE8E}.Debug|Mixed Platforms.Build.0 = Debug|x86
		{E77FF758-712B-492B-BA5E-A0D15A4DAE8E}.Debug|x86.ActiveCfg = Debug|x86
		{E77FF758-712B-492B-BA5E-A0D15A4DAE8E}.Debug|x86.Build.0 = Debug|x86
		{E77FF758-712B-492B-BA5E-A0D15A4DAE8E}.Release|Any CPU.ActiveCfg = Release|x86
		{E77FF758-712B-492B-BA5E-A0D15A4DAE8E}.Release|Mixed Platforms.ActiveCfg = Release|x86
		{E77FF758-712B-492B-BA5E-A0D15A4DAE8E}.Release|Mixed Platforms.Build.0 = Release|x86
		{E77FF758-712B-492B-BA5E-A0D15A4DAE8E}.Release|x86.ActiveCfg = Release|x86
		{E77FF758-712B-492B-BA5E-A0D15A4DAE8E}.Release|x86.Build.0 = Release|x86
		{FE99374E-9A6E-4816-A7C2-A2A67E4AAC61}.Debug|Any CPU.ActiveCfg = Debug|x86
		{FE99374E-9A6E-4816-A7C2-A2A67E4AAC61}.Debug|Mixed Platforms.ActiveCfg = Debug|x86
		{FE99374E-9A6E-4816-A7C2-A2A67E4AAC61}.Debug|Mixed Platforms.Build.0 = Debug|x86
		{FE99374E-9A6E-4816-A7C2-A2A67E4AAC61}.Debug|x86.ActiveCfg = Debug|x86
		{FE99374E-9A6E-4816-A7C2-A2A67E4AAC61}.Debug|x86.Build.0 = Debug|x86
		{FE99374E-9A6E-4816-A7C2-A2A67E4AAC61}.Release|Any CPU.ActiveCfg = Release|x86
		{FE99374E-9A6E-4816-A7C2-A2A67E4AAC61}.Release|Mixed Platforms.ActiveCfg = Release|x86
		{FE99374E-9A6E-4816-A7C2-A2A67E4AAC61}.Release|Mixed Platforms.Build.0 = Release|x86
		{FE99374E-9A6E-4816-A7C2-A2A67E4AAC61}.Release|x86.ActiveCfg = Release|x86
		{FE99374E-9A6E-4816-A7C2-A2A67E4AAC61}.Release|x86.Build.0 = Release|x86
		{1C3B9323-4BC2-401F-AA61-0EB7627630D2}.Debug|Any CPU.ActiveCfg = Debug|x86
		{1C3B9323-4BC2-401F-AA61-0EB7627630D2}.Debug|Mixed Platforms.ActiveCfg = Debug|x86
		{1C3B9323-4BC2-401F-AA61-0EB7627630D2}.Debug|Mixed Platforms.Build.0 = Debug|x86
		{1C3B9323-4BC2-401F-AA61-0EB7627630D2}.Debug|x86.ActiveCfg = Debug|x86
		{1C3B9323-4BC2-401F-AA61-0EB7627630D2}.Debug|x86.Build.0 = Debug|x86
		{1C3B9323-4BC2-401F-AA61-0EB7627630D2}.Release|Any CPU.ActiveCfg = Release|x86
		{1C3B9323-4BC2-401F-AA61-0EB7627630D2}.Release|Mixed Platforms.ActiveCfg = Release|x86
		{1C3B9323-4BC2-401F-AA61-0EB7627630D2}.Release|Mixed Platforms.Build.0 = Release|x86
		{1C3B9323-4BC2-401F-AA61-0EB7627630D2}.Release|x86.ActiveCfg = Release|x86
		{1C3B9323-4BC2-401F-AA61-0EB7627630D2}.Release|x86.Build.0 = Release|x86
		{50F0743A-89E2-400D-822E-16E9FA42A277}.Debug|Any CPU.ActiveCfg = Debug|x86
		{50F0743A-89E2-400D-822E-16E9FA42A277}.Debug|Mixed Platforms.ActiveCfg = Debug|x86
		{50F0743A-89E2-400D-822E-16E9FA42A277}.Debug|Mixed Platforms.Build.0 = Debug|x86
		{50F0743A-89E2-400D-822E-16E9FA42A277}.Debug|x86.ActiveCfg = Debug|x86
		{50F0743A-89E2-400D-822E-16E9FA42A277}.Debug|x86.Build.0 = Debug|x86
		{50F0743A-89E2-400D-822E-16E9FA42A277}.Release|Any CPU.ActiveCfg = Release|x86
		{50F0743A-89E2-400D-822E-16E9FA42A277}.Release|Mixed Platforms.ActiveCfg = Release|x86
		{50F0743A-89E2-400D-822E-16E9FA42A277}.Release|Mixed Platforms.Build.0 = Release|x86
		{50F0743A-89E2-400D-822E-16E9FA42A277}.Release|x86.ActiveCfg = Release|x86
		{50F0743A-89E2-400D-822E-16E9FA42A277}.Release|x86.Build.0 = Release|x86
		{54E30DB0-EE02-42F8-9D54-E6E3A31642C1}.Debug|Any CPU.ActiveCfg = Debug|x86
		{54E30DB0-EE02-42F8-9D54-E6E3A31642C1}.Debug|Mixed Platforms.ActiveCfg = Debug|x86
		{54E30DB0-EE02-42F8-9D54-E6E3A31642C1}.Debug|Mixed Platforms.Build.0 = Debug|x86
		{54E30DB0-EE02-42F8-9D54-E6E3A31642C1}.Debug|x86.ActiveCfg = Debug|x86
		{54E30DB0-EE02-42F8-9D54-E6E3A31642C1}.Debug|x86.Build.0 = Debug|x86
		{54E30DB0-EE02-42F8-9D54-E6E3A31642C1}.Release|Any CPU.ActiveCfg = Release|x86
		{54E30DB0-EE02-42F8-9D54-E6E3A31642C1}.Release|Mixed Platforms.ActiveCfg = Release|x86
		{54E30DB0-EE02-42F8-9D54-E6E3A31642C1}.Release|Mixed Platforms.Build.0 = Release|x86
		{54E30DB0-EE02-42F8-9D54-E6E3A31642C1}.Release|x86.ActiveCfg = Release|x86
		{54E30DB0-EE02-42F8-9D54-E6E3A31642C1}.Release|x86.Build.0 = Release|x86
		{556E5DC1-FBDC-464A-A095-C28E725E5502}.Debug|Any CPU.ActiveCfg = Debug|x86
		{556E5DC1-FBDC-464A-A095-C28E725E5502}.Debug|Mixed Platforms.ActiveCfg = Debug|x86
		{556E5DC1-FBDC-464A-A095-C28E725E5502}.Debug|Mixed Platforms.Build.0 = Debug|x86
		{556E5DC1-FBDC-464A-A095-C28E725E5502}.Debug|x86.ActiveCfg = Debug|x86
		{556E5DC1-FBDC-464A-A095-C28E725E5502}.Debug|x86.Build.0 = Debug|x86
		{556E5DC1-FBDC-464A-A095-C28E725E5502}.Release|Any CPU.ActiveCfg = Release|x86
		{556E5DC1-FBDC-464A-A095-C28E725E5502}.Release|Mixed Platforms.ActiveCfg = Release|x86
		{556E5DC1-FBDC-464A-A095-C28E725E5502}.Release|Mixed Platforms.Build.0 = Release|x86
		{556E5DC1-FBDC-464A-A095-C28E725E5502}.Release|x86.ActiveCfg = Release|x86
		{556E5DC1-FBDC-464A-A095-C28E725E5502}.Release|x86.Build.0 = Release|x86
		{D83328A2-F41D-4513-8290-1AB784A44E91}.Debug|Any CPU.ActiveCfg = Debug|Any CPU
		{D83328A2-F41D-4513-8290-1AB784A44E91}.Debug|Any CPU.Build.0 = Debug|Any CPU
		{D83328A2-F41D-4513-8290-1AB784A44E91}.Debug|Mixed Platforms.ActiveCfg = Debug|Any CPU
		{D83328A2-F41D-4513-8290-1AB784A44E91}.Debug|Mixed Platforms.Build.0 = Debug|Any CPU
		{D83328A2-F41D-4513-8290-1AB784A44E91}.Debug|x86.ActiveCfg = Debug|Any CPU
		{D83328A2-F41D-4513-8290-1AB784A44E91}.Debug|x86.Build.0 = Debug|Any CPU
		{D83328A2-F41D-4513-8290-1AB784A44E91}.Release|Any CPU.ActiveCfg = Release|Any CPU
		{D83328A2-F41D-4513-8290-1AB784A44E91}.Release|Any CPU.Build.0 = Release|Any CPU
		{D83328A2-F41D-4513-8290-1AB784A44E91}.Release|Mixed Platforms.ActiveCfg = Release|Any CPU
		{D83328A2-F41D-4513-8290-1AB784A44E91}.Release|Mixed Platforms.Build.0 = Release|Any CPU
		{D83328A2-F41D-4513-8290-1AB784A44E91}.Release|x86.ActiveCfg = Release|Any CPU
		{D83328A2-F41D-4513-8290-1AB784A44E91}.Release|x86.Build.0 = Release|Any CPU
		{B915A604-20C8-4AFA-B339-7E436CB6C97E}.Debug|Any CPU.ActiveCfg = Debug|x86
		{B915A604-20C8-4AFA-B339-7E436CB6C97E}.Debug|Mixed Platforms.ActiveCfg = Debug|x86
		{B915A604-20C8-4AFA-B339-7E436CB6C97E}.Debug|Mixed Platforms.Build.0 = Debug|x86
		{B915A604-20C8-4AFA-B339-7E436CB6C97E}.Debug|x86.ActiveCfg = Debug|x86
		{B915A604-20C8-4AFA-B339-7E436CB6C97E}.Debug|x86.Build.0 = Debug|x86
		{B915A604-20C8-4AFA-B339-7E436CB6C97E}.Release|Any CPU.ActiveCfg = Release|x86
		{B915A604-20C8-4AFA-B339-7E436CB6C97E}.Release|Mixed Platforms.ActiveCfg = Release|x86
		{B915A604-20C8-4AFA-B339-7E436CB6C97E}.Release|Mixed Platforms.Build.0 = Release|x86
		{B915A604-20C8-4AFA-B339-7E436CB6C97E}.Release|x86.ActiveCfg = Release|x86
		{B915A604-20C8-4AFA-B339-7E436CB6C97E}.Release|x86.Build.0 = Release|x86
		{3A4A280B-9034-477B-8A72-7F6289B59F82}.Debug|Any CPU.ActiveCfg = Debug|x86
		{3A4A280B-9034-477B-8A72-7F6289B59F82}.Debug|Mixed Platforms.ActiveCfg = Debug|x86
		{3A4A280B-9034-477B-8A72-7F6289B59F82}.Debug|Mixed Platforms.Build.0 = Debug|x86
		{3A4A280B-9034-477B-8A72-7F6289B59F82}.Debug|x86.ActiveCfg = Debug|x86
		{3A4A280B-9034-477B-8A72-7F6289B59F82}.Debug|x86.Build.0 = Debug|x86
		{3A4A280B-9034-477B-8A72-7F6289B59F82}.Release|Any CPU.ActiveCfg = Release|x86
		{3A4A280B-9034-477B-8A72-7F6289B59F82}.Release|Mixed Platforms.ActiveCfg = Release|x86
		{3A4A280B-9034-477B-8A72-7F6289B59F82}.Release|Mixed Platforms.Build.0 = Release|x86
		{3A4A280B-9034-477B-8A72-7F6289B59F82}.Release|x86.ActiveCfg = Release|x86
		{3A4A280B-9034-477B-8A72-7F6289B59F82}.Release|x86.Build.0 = Release|x86
		{3DDEEBFB-4D83-4A47-99E9-37BB6912220B}.Debug|Any CPU.ActiveCfg = Debug|x86
		{3DDEEBFB-4D83-4A47-99E9-37BB6912220B}.Debug|Mixed Platforms.ActiveCfg = Debug|x86
		{3DDEEBFB-4D83-4A47-99E9-37BB6912220B}.Debug|Mixed Platforms.Build.0 = Debug|x86
		{3DDEEBFB-4D83-4A47-99E9-37BB6912220B}.Debug|x86.ActiveCfg = Debug|x86
		{3DDEEBFB-4D83-4A47-99E9-37BB6912220B}.Debug|x86.Build.0 = Debug|x86
		{3DDEEBFB-4D83-4A47-99E9-37BB6912220B}.Release|Any CPU.ActiveCfg = Release|x86
		{3DDEEBFB-4D83-4A47-99E9-37BB6912220B}.Release|Mixed Platforms.ActiveCfg = Release|x86
		{3DDEEBFB-4D83-4A47-99E9-37BB6912220B}.Release|Mixed Platforms.Build.0 = Release|x86
		{3DDEEBFB-4D83-4A47-99E9-37BB6912220B}.Release|x86.ActiveCfg = Release|x86
		{3DDEEBFB-4D83-4A47-99E9-37BB6912220B}.Release|x86.Build.0 = Release|x86
		{C8EB48E4-4D7F-4808-A890-F4A7DD4A7B84}.Debug|Any CPU.ActiveCfg = Debug|x86
		{C8EB48E4-4D7F-4808-A890-F4A7DD4A7B84}.Debug|Mixed Platforms.ActiveCfg = Debug|x86
		{C8EB48E4-4D7F-4808-A890-F4A7DD4A7B84}.Debug|Mixed Platforms.Build.0 = Debug|x86
		{C8EB48E4-4D7F-4808-A890-F4A7DD4A7B84}.Debug|x86.ActiveCfg = Debug|x86
		{C8EB48E4-4D7F-4808-A890-F4A7DD4A7B84}.Debug|x86.Build.0 = Debug|x86
		{C8EB48E4-4D7F-4808-A890-F4A7DD4A7B84}.Release|Any CPU.ActiveCfg = Release|x86
		{C8EB48E4-4D7F-4808-A890-F4A7DD4A7B84}.Release|Mixed Platforms.ActiveCfg = Release|x86
		{C8EB48E4-4D7F-4808-A890-F4A7DD4A7B84}.Release|Mixed Platforms.Build.0 = Release|x86
		{C8EB48E4-4D7F-4808-A890-F4A7DD4A7B84}.Release|x86.ActiveCfg = Release|x86
		{C8EB48E4-4D7F-4808-A890-F4A7DD4A7B84}.Release|x86.Build.0 = Release|x86
		{68BFA2DC-244D-451F-AE85-489F27CD0E0C}.Debug|Any CPU.ActiveCfg = Debug|x86
		{68BFA2DC-244D-451F-AE85-489F27CD0E0C}.Debug|Mixed Platforms.ActiveCfg = Debug|x86
		{68BFA2DC-244D-451F-AE85-489F27CD0E0C}.Debug|Mixed Platforms.Build.0 = Debug|x86
		{68BFA2DC-244D-451F-AE85-489F27CD0E0C}.Debug|x86.ActiveCfg = Debug|x86
		{68BFA2DC-244D-451F-AE85-489F27CD0E0C}.Debug|x86.Build.0 = Debug|x86
		{68BFA2DC-244D-451F-AE85-489F27CD0E0C}.Release|Any CPU.ActiveCfg = Release|x86
		{68BFA2DC-244D-451F-AE85-489F27CD0E0C}.Release|Mixed Platforms.ActiveCfg = Release|x86
		{68BFA2DC-244D-451F-AE85-489F27CD0E0C}.Release|Mixed Platforms.Build.0 = Release|x86
		{68BFA2DC-244D-451F-AE85-489F27CD0E0C}.Release|x86.ActiveCfg = Release|x86
		{68BFA2DC-244D-451F-AE85-489F27CD0E0C}.Release|x86.Build.0 = Release|x86
		{0600C232-A1C0-4F55-8116-7CF2D542E758}.Debug|Any CPU.ActiveCfg = Debug|x86
		{0600C232-A1C0-4F55-8116-7CF2D542E758}.Debug|Mixed Platforms.ActiveCfg = Debug|x86
		{0600C232-A1C0-4F55-8116-7CF2D542E758}.Debug|Mixed Platforms.Build.0 = Debug|x86
		{0600C232-A1C0-4F55-8116-7CF2D542E758}.Debug|x86.ActiveCfg = Debug|x86
		{0600C232-A1C0-4F55-8116-7CF2D542E758}.Debug|x86.Build.0 = Debug|x86
		{0600C232-A1C0-4F55-8116-7CF2D542E758}.Release|Any CPU.ActiveCfg = Release|x86
		{0600C232-A1C0-4F55-8116-7CF2D542E758}.Release|Mixed Platforms.ActiveCfg = Release|x86
		{0600C232-A1C0-4F55-8116-7CF2D542E758}.Release|Mixed Platforms.Build.0 = Release|x86
		{0600C232-A1C0-4F55-8116-7CF2D542E758}.Release|x86.ActiveCfg = Release|x86
		{0600C232-A1C0-4F55-8116-7CF2D542E758}.Release|x86.Build.0 = Release|x86
		{8566F538-16B7-496E-8863-07651F3BB503}.Debug|Any CPU.ActiveCfg = Debug|x86
		{8566F538-16B7-496E-8863-07651F3BB503}.Debug|Mixed Platforms.ActiveCfg = Debug|x86
		{8566F538-16B7-496E-8863-07651F3BB503}.Debug|Mixed Platforms.Build.0 = Debug|x86
		{8566F538-16B7-496E-8863-07651F3BB503}.Debug|x86.ActiveCfg = Debug|x86
		{8566F538-16B7-496E-8863-07651F3BB503}.Debug|x86.Build.0 = Debug|x86
		{8566F538-16B7-496E-8863-07651F3BB503}.Release|Any CPU.ActiveCfg = Release|x86
		{8566F538-16B7-496E-8863-07651F3BB503}.Release|Mixed Platforms.ActiveCfg = Release|x86
		{8566F538-16B7-496E-8863-07651F3BB503}.Release|Mixed Platforms.Build.0 = Release|x86
		{8566F538-16B7-496E-8863-07651F3BB503}.Release|x86.ActiveCfg = Release|x86
		{8566F538-16B7-496E-8863-07651F3BB503}.Release|x86.Build.0 = Release|x86
		{FE5A5E69-F2A8-4367-AD73-463AB0C23711}.Debug|Any CPU.ActiveCfg = Debug|x86
		{FE5A5E69-F2A8-4367-AD73-463AB0C23711}.Debug|Mixed Platforms.ActiveCfg = Debug|x86
		{FE5A5E69-F2A8-4367-AD73-463AB0C23711}.Debug|Mixed Platforms.Build.0 = Debug|x86
		{FE5A5E69-F2A8-4367-AD73-463AB0C23711}.Debug|x86.ActiveCfg = Debug|x86
		{FE5A5E69-F2A8-4367-AD73-463AB0C23711}.Debug|x86.Build.0 = Debug|x86
		{FE5A5E69-F2A8-4367-AD73-463AB0C23711}.Release|Any CPU.ActiveCfg = Release|x86
		{FE5A5E69-F2A8-4367-AD73-463AB0C23711}.Release|Mixed Platforms.ActiveCfg = Release|x86
		{FE5A5E69-F2A8-4367-AD73-463AB0C23711}.Release|Mixed Platforms.Build.0 = Release|x86
		{FE5A5E69-F2A8-4367-AD73-463AB0C23711}.Release|x86.ActiveCfg = Release|x86
		{FE5A5E69-F2A8-4367-AD73-463AB0C23711}.Release|x86.Build.0 = Release|x86
		{C9989D49-AA56-4D17-A176-4ECD84A112B0}.Debug|Any CPU.ActiveCfg = Debug|x86
		{C9989D49-AA56-4D17-A176-4ECD84A112B0}.Debug|Mixed Platforms.ActiveCfg = Debug|x86
		{C9989D49-AA56-4D17-A176-4ECD84A112B0}.Debug|Mixed Platforms.Build.0 = Debug|x86
		{C9989D49-AA56-4D17-A176-4ECD84A112B0}.Debug|x86.ActiveCfg = Debug|x86
		{C9989D49-AA56-4D17-A176-4ECD84A112B0}.Debug|x86.Build.0 = Debug|x86
		{C9989D49-AA56-4D17-A176-4ECD84A112B0}.Release|Any CPU.ActiveCfg = Release|x86
		{C9989D49-AA56-4D17-A176-4ECD84A112B0}.Release|Mixed Platforms.ActiveCfg = Release|x86
		{C9989D49-AA56-4D17-A176-4ECD84A112B0}.Release|Mixed Platforms.Build.0 = Release|x86
		{C9989D49-AA56-4D17-A176-4ECD84A112B0}.Release|x86.ActiveCfg = Release|x86
		{C9989D49-AA56-4D17-A176-4ECD84A112B0}.Release|x86.Build.0 = Release|x86
		{EF3B1AFD-B2A1-44E9-AC21-1CC6481DC222}.Debug|Any CPU.ActiveCfg = Debug|x86
		{EF3B1AFD-B2A1-44E9-AC21-1CC6481DC222}.Debug|Mixed Platforms.ActiveCfg = Debug|x86
		{EF3B1AFD-B2A1-44E9-AC21-1CC6481DC222}.Debug|Mixed Platforms.Build.0 = Debug|x86
		{EF3B1AFD-B2A1-44E9-AC21-1CC6481DC222}.Debug|x86.ActiveCfg = Debug|x86
		{EF3B1AFD-B2A1-44E9-AC21-1CC6481DC222}.Debug|x86.Build.0 = Debug|x86
		{EF3B1AFD-B2A1-44E9-AC21-1CC6481DC222}.Release|Any CPU.ActiveCfg = Release|x86
		{EF3B1AFD-B2A1-44E9-AC21-1CC6481DC222}.Release|Mixed Platforms.ActiveCfg = Release|x86
		{EF3B1AFD-B2A1-44E9-AC21-1CC6481DC222}.Release|Mixed Platforms.Build.0 = Release|x86
		{EF3B1AFD-B2A1-44E9-AC21-1CC6481DC222}.Release|x86.ActiveCfg = Release|x86
		{EF3B1AFD-B2A1-44E9-AC21-1CC6481DC222}.Release|x86.Build.0 = Release|x86
		{4E3F6831-C2E3-4363-A9E1-0FF33FD74637}.Debug|Any CPU.ActiveCfg = Debug|x86
		{4E3F6831-C2E3-4363-A9E1-0FF33FD74637}.Debug|Mixed Platforms.ActiveCfg = Debug|x86
		{4E3F6831-C2E3-4363-A9E1-0FF33FD74637}.Debug|Mixed Platforms.Build.0 = Debug|x86
		{4E3F6831-C2E3-4363-A9E1-0FF33FD74637}.Debug|x86.ActiveCfg = Debug|x86
		{4E3F6831-C2E3-4363-A9E1-0FF33FD74637}.Debug|x86.Build.0 = Debug|x86
		{4E3F6831-C2E3-4363-A9E1-0FF33FD74637}.Release|Any CPU.ActiveCfg = Release|x86
		{4E3F6831-C2E3-4363-A9E1-0FF33FD74637}.Release|Mixed Platforms.ActiveCfg = Release|x86
		{4E3F6831-C2E3-4363-A9E1-0FF33FD74637}.Release|Mixed Platforms.Build.0 = Release|x86
		{4E3F6831-C2E3-4363-A9E1-0FF33FD74637}.Release|x86.ActiveCfg = Release|x86
		{4E3F6831-C2E3-4363-A9E1-0FF33FD74637}.Release|x86.Build.0 = Release|x86
		{8FFDE808-AF53-4844-A3D4-0A445348C83B}.Debug|Any CPU.ActiveCfg = Debug|x86
		{8FFDE808-AF53-4844-A3D4-0A445348C83B}.Debug|Mixed Platforms.ActiveCfg = Debug|x86
		{8FFDE808-AF53-4844-A3D4-0A445348C83B}.Debug|Mixed Platforms.Build.0 = Debug|x86
		{8FFDE808-AF53-4844-A3D4-0A445348C83B}.Debug|x86.ActiveCfg = Debug|x86
		{8FFDE808-AF53-4844-A3D4-0A445348C83B}.Debug|x86.Build.0 = Debug|x86
		{8FFDE808-AF53-4844-A3D4-0A445348C83B}.Release|Any CPU.ActiveCfg = Release|x86
		{8FFDE808-AF53-4844-A3D4-0A445348C83B}.Release|Mixed Platforms.ActiveCfg = Release|x86
		{8FFDE808-AF53-4844-A3D4-0A445348C83B}.Release|Mixed Platforms.Build.0 = Release|x86
		{8FFDE808-AF53-4844-A3D4-0A445348C83B}.Release|x86.ActiveCfg = Release|x86
		{8FFDE808-AF53-4844-A3D4-0A445348C83B}.Release|x86.Build.0 = Release|x86
		{6B603BED-FAEC-404A-936B-40606679A14F}.Debug|Any CPU.ActiveCfg = Debug|x86
		{6B603BED-FAEC-404A-936B-40606679A14F}.Debug|Mixed Platforms.ActiveCfg = Debug|x86
		{6B603BED-FAEC-404A-936B-40606679A14F}.Debug|Mixed Platforms.Build.0 = Debug|x86
		{6B603BED-FAEC-404A-936B-40606679A14F}.Debug|x86.ActiveCfg = Debug|x86
		{6B603BED-FAEC-404A-936B-40606679A14F}.Debug|x86.Build.0 = Debug|x86
		{6B603BED-FAEC-404A-936B-40606679A14F}.Release|Any CPU.ActiveCfg = Release|x86
		{6B603BED-FAEC-404A-936B-40606679A14F}.Release|Mixed Platforms.ActiveCfg = Release|x86
		{6B603BED-FAEC-404A-936B-40606679A14F}.Release|Mixed Platforms.Build.0 = Release|x86
		{6B603BED-FAEC-404A-936B-40606679A14F}.Release|x86.ActiveCfg = Release|x86
		{6B603BED-FAEC-404A-936B-40606679A14F}.Release|x86.Build.0 = Release|x86
		{9EAE61DF-3513-4D6B-9340-3BA937420164}.Debug|Any CPU.ActiveCfg = Debug|x86
		{9EAE61DF-3513-4D6B-9340-3BA937420164}.Debug|Mixed Platforms.ActiveCfg = Debug|x86
		{9EAE61DF-3513-4D6B-9340-3BA937420164}.Debug|Mixed Platforms.Build.0 = Debug|x86
		{9EAE61DF-3513-4D6B-9340-3BA937420164}.Debug|x86.ActiveCfg = Debug|x86
		{9EAE61DF-3513-4D6B-9340-3BA937420164}.Debug|x86.Build.0 = Debug|x86
		{9EAE61DF-3513-4D6B-9340-3BA937420164}.Release|Any CPU.ActiveCfg = Release|x86
		{9EAE61DF-3513-4D6B-9340-3BA937420164}.Release|Mixed Platforms.ActiveCfg = Release|x86
		{9EAE61DF-3513-4D6B-9340-3BA937420164}.Release|Mixed Platforms.Build.0 = Release|x86
		{9EAE61DF-3513-4D6B-9340-3BA937420164}.Release|x86.ActiveCfg = Release|x86
		{9EAE61DF-3513-4D6B-9340-3BA937420164}.Release|x86.Build.0 = Release|x86
		{800E3A58-B600-4A14-A904-84EC11143094}.Debug|Any CPU.ActiveCfg = Debug|x86
		{800E3A58-B600-4A14-A904-84EC11143094}.Debug|Mixed Platforms.ActiveCfg = Debug|x86
		{800E3A58-B600-4A14-A904-84EC11143094}.Debug|Mixed Platforms.Build.0 = Debug|x86
		{800E3A58-B600-4A14-A904-84EC11143094}.Debug|x86.ActiveCfg = Debug|x86
		{800E3A58-B600-4A14-A904-84EC11143094}.Debug|x86.Build.0 = Debug|x86
		{800E3A58-B600-4A14-A904-84EC11143094}.Release|Any CPU.ActiveCfg = Release|x86
		{800E3A58-B600-4A14-A904-84EC11143094}.Release|Mixed Platforms.ActiveCfg = Release|x86
		{800E3A58-B600-4A14-A904-84EC11143094}.Release|Mixed Platforms.Build.0 = Release|x86
		{800E3A58-B600-4A14-A904-84EC11143094}.Release|x86.ActiveCfg = Release|x86
		{800E3A58-B600-4A14-A904-84EC11143094}.Release|x86.Build.0 = Release|x86
		{23B64D72-132B-468A-9EEF-BA4A01723787}.Debug|Any CPU.ActiveCfg = Debug|x86
		{23B64D72-132B-468A-9EEF-BA4A01723787}.Debug|Mixed Platforms.ActiveCfg = Debug|x86
		{23B64D72-132B-468A-9EEF-BA4A01723787}.Debug|Mixed Platforms.Build.0 = Debug|x86
		{23B64D72-132B-468A-9EEF-BA4A01723787}.Debug|x86.ActiveCfg = Debug|x86
		{23B64D72-132B-468A-9EEF-BA4A01723787}.Debug|x86.Build.0 = Debug|x86
		{23B64D72-132B-468A-9EEF-BA4A01723787}.Release|Any CPU.ActiveCfg = Release|x86
		{23B64D72-132B-468A-9EEF-BA4A01723787}.Release|Mixed Platforms.ActiveCfg = Release|x86
		{23B64D72-132B-468A-9EEF-BA4A01723787}.Release|Mixed Platforms.Build.0 = Release|x86
		{23B64D72-132B-468A-9EEF-BA4A01723787}.Release|x86.ActiveCfg = Release|x86
		{23B64D72-132B-468A-9EEF-BA4A01723787}.Release|x86.Build.0 = Release|x86
		{C40CA3DD-4089-4D84-BB18-B0243CD93D46}.Debug|Any CPU.ActiveCfg = Debug|x86
		{C40CA3DD-4089-4D84-BB18-B0243CD93D46}.Debug|Mixed Platforms.ActiveCfg = Debug|x86
		{C40CA3DD-4089-4D84-BB18-B0243CD93D46}.Debug|Mixed Platforms.Build.0 = Debug|x86
		{C40CA3DD-4089-4D84-BB18-B0243CD93D46}.Debug|x86.ActiveCfg = Debug|x86
		{C40CA3DD-4089-4D84-BB18-B0243CD93D46}.Debug|x86.Build.0 = Debug|x86
		{C40CA3DD-4089-4D84-BB18-B0243CD93D46}.Release|Any CPU.ActiveCfg = Release|x86
		{C40CA3DD-4089-4D84-BB18-B0243CD93D46}.Release|Mixed Platforms.ActiveCfg = Release|x86
		{C40CA3DD-4089-4D84-BB18-B0243CD93D46}.Release|Mixed Platforms.Build.0 = Release|x86
		{C40CA3DD-4089-4D84-BB18-B0243CD93D46}.Release|x86.ActiveCfg = Release|x86
		{C40CA3DD-4089-4D84-BB18-B0243CD93D46}.Release|x86.Build.0 = Release|x86
	EndGlobalSection
	GlobalSection(SolutionProperties) = preSolution
		HideSolutionNode = FALSE
	EndGlobalSection
	GlobalSection(NestedProjects) = preSolution
		{812957FA-3010-49FB-AAB6-ABCDA85307C2} = {CB441497-027D-4089-AEF1-DE47B0AF0B3E}
		{84CF3442-DD45-4B78-91E4-9948F9138316} = {CB441497-027D-4089-AEF1-DE47B0AF0B3E}
		{1205921F-0F45-4EB8-8DD0-BB3BBE00009B} = {CB441497-027D-4089-AEF1-DE47B0AF0B3E}
		{7B1FCD23-79D1-4058-A2CA-CBBAAAB8B572} = {CB441497-027D-4089-AEF1-DE47B0AF0B3E}
		{7EE5C344-E918-4400-B614-EB955DFB114D} = {CB441497-027D-4089-AEF1-DE47B0AF0B3E}
		{A104DFC0-B59C-459D-9D02-AFFA0BE74234} = {CB441497-027D-4089-AEF1-DE47B0AF0B3E}
		{3112BFB3-1861-4FB7-B735-E5271C41BFCF} = {CB441497-027D-4089-AEF1-DE47B0AF0B3E}
		{AEE1AC83-C16C-4AE4-B625-64FA55D91B09} = {CB441497-027D-4089-AEF1-DE47B0AF0B3E}
		{781210BB-54AB-431D-81BA-F64E9BF2E015} = {CB441497-027D-4089-AEF1-DE47B0AF0B3E}
		{F3127646-1C12-4674-B8E4-51C2E9423643} = {CB441497-027D-4089-AEF1-DE47B0AF0B3E}
		{C93213FD-6F4A-4B6E-BBC6-FFCC12219750} = {CB441497-027D-4089-AEF1-DE47B0AF0B3E}
		{FFDC8ECD-6F31-4E28-AF30-8860E3CB6394} = {CB441497-027D-4089-AEF1-DE47B0AF0B3E}
		{0E4E5C47-E8AB-4085-8517-E129EBC90F07} = {CB441497-027D-4089-AEF1-DE47B0AF0B3E}
		{F322F4B8-5DEC-406F-B6CB-9BB21DAE7A65} = {CB441497-027D-4089-AEF1-DE47B0AF0B3E}
		{F1249528-E319-4962-A811-30BC6FC44126} = {49672056-5A85-4EBE-A6DB-CAD036FEE09D}
		{13D4B6FA-95DD-4033-AFB5-76B1524401FD} = {49672056-5A85-4EBE-A6DB-CAD036FEE09D}
		{A9F99193-88BF-43E6-B9CA-96FEAD0C5618} = {49672056-5A85-4EBE-A6DB-CAD036FEE09D}
		{F7AF5E6C-7984-4D70-A012-46CD2853F993} = {49672056-5A85-4EBE-A6DB-CAD036FEE09D}
		{3DD9F14A-0817-4DB4-8A6F-53F9DE3520B8} = {49672056-5A85-4EBE-A6DB-CAD036FEE09D}
		{6CD22768-7D7E-43CF-871D-D190361227EB} = {49672056-5A85-4EBE-A6DB-CAD036FEE09D}
		{0330FBAC-18E7-4B61-9AD8-CCB0FD625E6A} = {49672056-5A85-4EBE-A6DB-CAD036FEE09D}
		{AD2C037F-92C4-4CD9-A400-D6D9E8FB875D} = {9AD4B337-D60F-4785-A2AA-D08CC3E5899D}
		{6FD63B24-DA5C-4E36-8A25-1B9FBB88344A} = {9AD4B337-D60F-4785-A2AA-D08CC3E5899D}
		{5C989A72-46BB-4977-8F8C-B31FEDBDD26B} = {9AD4B337-D60F-4785-A2AA-D08CC3E5899D}
		{7806ABEC-3CB9-42F7-A6EF-C38B63DDF7D7} = {9AD4B337-D60F-4785-A2AA-D08CC3E5899D}
		{CF61182A-D19C-4011-9F66-ED0E59FFDDA3} = {9AD4B337-D60F-4785-A2AA-D08CC3E5899D}
		{36E7C956-6447-40B4-B244-C25737A18015} = {9AD4B337-D60F-4785-A2AA-D08CC3E5899D}
		{805536C5-ED4B-4E48-89F2-A8444F8589BB} = {9AD4B337-D60F-4785-A2AA-D08CC3E5899D}
		{842F917C-9742-4BEC-ABA4-A46ACAC91FEF} = {9AD4B337-D60F-4785-A2AA-D08CC3E5899D}
		{A6930C53-3DEA-4932-83EE-3F03B3462BFB} = {9AD4B337-D60F-4785-A2AA-D08CC3E5899D}
		{7CCF2CDC-47C8-45F3-8E2E-1E437343BEBE} = {E03AC397-A454-482E-BDC6-D704E93A77F6}
		{3F9C8F68-3F98-480B-A396-9AA5D40583B5} = {E03AC397-A454-482E-BDC6-D704E93A77F6}
		{A121BC22-ED7E-47FE-9725-7A8116B0DA9F} = {E03AC397-A454-482E-BDC6-D704E93A77F6}
		{E77FF758-712B-492B-BA5E-A0D15A4DAE8E} = {E03AC397-A454-482E-BDC6-D704E93A77F6}
		{FE99374E-9A6E-4816-A7C2-A2A67E4AAC61} = {E03AC397-A454-482E-BDC6-D704E93A77F6}
		{1C3B9323-4BC2-401F-AA61-0EB7627630D2} = {E03AC397-A454-482E-BDC6-D704E93A77F6}
		{50F0743A-89E2-400D-822E-16E9FA42A277} = {CA67D49E-937D-480F-B12C-4576D500DC40}
		{54E30DB0-EE02-42F8-9D54-E6E3A31642C1} = {CA67D49E-937D-480F-B12C-4576D500DC40}
		{556E5DC1-FBDC-464A-A095-C28E725E5502} = {CA67D49E-937D-480F-B12C-4576D500DC40}
		{D83328A2-F41D-4513-8290-1AB784A44E91} = {CA67D49E-937D-480F-B12C-4576D500DC40}
		{B915A604-20C8-4AFA-B339-7E436CB6C97E} = {CA67D49E-937D-480F-B12C-4576D500DC40}
		{3A4A280B-9034-477B-8A72-7F6289B59F82} = {CA67D49E-937D-480F-B12C-4576D500DC40}
		{3DDEEBFB-4D83-4A47-99E9-37BB6912220B} = {CA67D49E-937D-480F-B12C-4576D500DC40}
		{C8EB48E4-4D7F-4808-A890-F4A7DD4A7B84} = {CA67D49E-937D-480F-B12C-4576D500DC40}
		{68BFA2DC-244D-451F-AE85-489F27CD0E0C} = {8F266DC3-9712-4681-86AB-648451A25BBE}
		{0600C232-A1C0-4F55-8116-7CF2D542E758} = {8F266DC3-9712-4681-86AB-648451A25BBE}
		{8566F538-16B7-496E-8863-07651F3BB503} = {C1906119-8A53-4122-B641-2B89A05501E5}
		{FE5A5E69-F2A8-4367-AD73-463AB0C23711} = {C1906119-8A53-4122-B641-2B89A05501E5}
		{C9989D49-AA56-4D17-A176-4ECD84A112B0} = {FD296E7A-E3EE-41C9-829C-5CE50CE20075}
		{EF3B1AFD-B2A1-44E9-AC21-1CC6481DC222} = {FD296E7A-E3EE-41C9-829C-5CE50CE20075}
		{4E3F6831-C2E3-4363-A9E1-0FF33FD74637} = {FD296E7A-E3EE-41C9-829C-5CE50CE20075}
		{8FFDE808-AF53-4844-A3D4-0A445348C83B} = {B84616B5-53E8-4091-82A3-11D46A29D2D7}
		{6B603BED-FAEC-404A-936B-40606679A14F} = {B84616B5-53E8-4091-82A3-11D46A29D2D7}
		{9EAE61DF-3513-4D6B-9340-3BA937420164} = {0EBB69A4-0D5F-47B3-9F1E-B2FF9A65BC91}
		{800E3A58-B600-4A14-A904-84EC11143094} = {0EBB69A4-0D5F-47B3-9F1E-B2FF9A65BC91}
		{23B64D72-132B-468A-9EEF-BA4A01723787} = {0EBB69A4-0D5F-47B3-9F1E-B2FF9A65BC91}
		{C40CA3DD-4089-4D84-BB18-B0243CD93D46} = {0EBB69A4-0D5F-47B3-9F1E-B2FF9A65BC91}
	EndGlobalSection
EndGlobal
